<?xml version="1.0" encoding="utf-8"?>
<Project ToolsVersion="4.0" xmlns="http://schemas.microsoft.com/developer/msbuild/2003">
  <ItemGroup>
    <Filter Include="Source Files">
      <UniqueIdentifier>{4FC737F1-C7A5-4376-A066-2A32D752A2FF}</UniqueIdentifier>
      <Extensions>cpp;c;cc;cxx;c++;cppm;ixx;def;odl;idl;hpj;bat;asm;asmx</Extensions>
    </Filter>
    <Filter Include="Header Files">
      <UniqueIdentifier>{93995380-89BD-4b04-88EB-625FBE52EBFB}</UniqueIdentifier>
      <Extensions>h;hh;hpp;hxx;h++;hm;inl;inc;ipp;xsd</Extensions>
    </Filter>
    <Filter Include="Resource Files">
      <UniqueIdentifier>{67DA6AB6-F800-4c08-8B7A-83BB121AAD01}</UniqueIdentifier>
      <Extensions>rc;ico;cur;bmp;dlg;rc2;rct;bin;rgs;gif;jpg;jpeg;jpe;resx;tiff;tif;png;wav;mfcribbon-ms</Extensions>
    </Filter>
  </ItemGroup>
  <ItemGroup>
    <ClCompile Include="Debug\Logger.cpp">
      <Filter>Source Files</Filter>
    </ClCompile>
    <ClCompile Include="String\Format.cpp">
      <Filter>Source Files</Filter>
    </ClCompile>
    <ClCompile Include="Config.cpp">
      <Filter>Source Files</Filter>
    </ClCompile>
    <ClCompile Include="String\Path.cpp">
      <Filter>Source Files</Filter>
    </ClCompile>
    <ClCompile Include="Threading\ProgressTracker.cpp">
      <Filter>Source Files</Filter>
    </ClCompile>
    <ClCompile Include="Windowing\CallbackBase.cpp">
      <Filter>Source Files</Filter>
    </ClCompile>
    <ClCompile Include="Windowing\WindowControl.cpp">
      <Filter>Source Files</Filter>
    </ClCompile>
    <ClCompile Include="Windowing\Event.cpp">
      <Filter>Source Files</Filter>
    </ClCompile>
    <ClCompile Include="Windowing\EventQueue.cpp">
      <Filter>Source Files</Filter>
    </ClCompile>
    <ClCompile Include="Debug\Assert.cpp">
      <Filter>Source Files</Filter>
    </ClCompile>
    <ClCompile Include="Pkg\pkg.c">
      <Filter>Source Files</Filter>
    </ClCompile>
    <ClCompile Include="Crypto\aes.c">
      <Filter>Source Files</Filter>
    </ClCompile>
    <ClCompile Include="Crypto\aes_x86.c">
      <Filter>Source Files</Filter>
    </ClCompile>
    <ClCompile Include="Crypto\hmac_sha256.c">
      <Filter>Source Files</Filter>
    </ClCompile>
    <ClCompile Include="Crypto\md5.c">
      <Filter>Source Files</Filter>
    </ClCompile>
    <ClCompile Include="Crypto\sha1.c">
      <Filter>Source Files</Filter>
    </ClCompile>
    <ClCompile Include="Crypto\sha256.c">
      <Filter>Source Files</Filter>
    </ClCompile>
    <ClCompile Include="Pkg\io.cpp">
      <Filter>Source Files</Filter>
    </ClCompile>
    <ClCompile Include="Pkg\sceIo.cpp">
      <Filter>Source Files</Filter>
    </ClCompile>
  </ItemGroup>
  <ItemGroup>
    <ClInclude Include="Debug\Logger.hpp">
      <Filter>Header Files</Filter>
    </ClInclude>
    <ClInclude Include="String\Format.hpp">
      <Filter>Header Files</Filter>
    </ClInclude>
    <ClInclude Include="LibShared.hpp">
      <Filter>Header Files</Filter>
    </ClInclude>
    <ClInclude Include="Config.hpp">
      <Filter>Header Files</Filter>
    </ClInclude>
    <ClInclude Include="String\Path.hpp">
      <Filter>Header Files</Filter>
    </ClInclude>
    <ClInclude Include="RuntimeImplementation.hpp">
      <Filter>Header Files</Filter>
    </ClInclude>
    <ClInclude Include="Threading\ProgressTracker.hpp">
      <Filter>Header Files</Filter>
    </ClInclude>
    <ClInclude Include="Debug\ConsoleColor.hpp">
      <Filter>Header Files</Filter>
    </ClInclude>
    <ClInclude Include="Debug\Assert.hpp">
      <Filter>Header Files</Filter>
    </ClInclude>
    <ClInclude Include="Windowing\Capture.hpp">
      <Filter>Header Files</Filter>
    </ClInclude>
    <ClInclude Include="Windowing\CallbackBase.hpp">
      <Filter>Header Files</Filter>
    </ClInclude>
    <ClInclude Include="Windowing\WindowControl.hpp">
      <Filter>Header Files</Filter>
    </ClInclude>
    <ClInclude Include="Windowing\EventQueue.hpp">
      <Filter>Header Files</Filter>
    </ClInclude>
    <ClInclude Include="Windowing\Event.hpp">
      <Filter>Header Files</Filter>
    </ClInclude>
    <ClInclude Include="Windowing\EventType.hpp">
      <Filter>Header Files</Filter>
    </ClInclude>
    <ClInclude Include="Windowing\RunFunction.hpp">
      <Filter>Header Files</Filter>
    </ClInclude>
    <ClInclude Include="Pkg\err.h">
      <Filter>Header Files</Filter>
    </ClInclude>
    <ClInclude Include="Pkg\pkg.h">
      <Filter>Header Files</Filter>
    </ClInclude>
    <ClInclude Include="Crypto\aes.h">
      <Filter>Header Files</Filter>
    </ClInclude>
    <ClInclude Include="Crypto\Algorithms.hpp">
      <Filter>Header Files</Filter>
    </ClInclude>
    <ClInclude Include="Crypto\hmac_sha256.h">
      <Filter>Header Files</Filter>
    </ClInclude>
    <ClInclude Include="Crypto\md5.h">
      <Filter>Header Files</Filter>
    </ClInclude>
    <ClInclude Include="Crypto\sha1.h">
      <Filter>Header Files</Filter>
    </ClInclude>
    <ClInclude Include="Crypto\sha256.h">
      <Filter>Header Files</Filter>
    </ClInclude>
    <ClInclude Include="Pkg\io.h">
      <Filter>Header Files</Filter>
    </ClInclude>
    <ClInclude Include="Pkg\sceTypes.hpp">
      <Filter>Header Files</Filter>
    </ClInclude>
    <ClInclude Include="Pkg\sceIo.hpp">
      <Filter>Header Files</Filter>
    </ClInclude>
    <ClInclude Include="Pkg\Package.hpp">
      <Filter>Header Files</Filter>
    </ClInclude>
  </ItemGroup>
</Project>