
Microsoft Visual Studio Solution File, Format Version 12.00
# Visual Studio Version 18
VisualStudioVersion = 18.0.11222.15
MinimumVisualStudioVersion = 10.0.40219.1
Project("{8BC9CEB8-8B4A-11D0-8D11-00A0C91BC942}") = "SnowPME", "SnowPME\SnowPME.vcxproj", "{2EECE25C-859D-4D90-B43B-2D3B6B6FBFA2}"
	ProjectSection(ProjectDependencies) = postProject
		{6312B3E3-B529-4AB7-991A-02F435F834B9} = {6312B3E3-B529-4AB7-991A-02F435F834B9}
		{DA956FD3-E142-46F2-9DD5-C78BEBB56B7A} = {DA956FD3-E142-46F2-9DD5-C78BEBB56B7A}
	EndProjectSection
EndProject
Project("{8BC9CEB8-8B4A-11D0-8D11-00A0C91BC942}") = "LibPSM", "subprojects\LibPSM\LibPSM.vcxproj", "{557A07D6-202E-476C-BDB8-6506289C76FF}"
	ProjectSection(ProjectDependencies) = postProject
		{33014734-0F46-4099-9A21-0C989E428681} = {33014734-0F46-4099-9A21-0C989E428681}
		{A1799BAB-A094-45D1-B6AC-AA09ACC03024} = {A1799BAB-A094-45D1-B6AC-AA09ACC03024}
		{B9B46670-BE77-4DD2-9448-7EDE013F055E} = {B9B46670-BE77-4DD2-9448-7EDE013F055E}
		{C196D659-BD55-4FBE-96EE-457D800BCA52} = {C196D659-BD55-4FBE-96EE-457D800BCA52}
		{CB0D9E92-293C-439C-9AC7-C5F59B6E0771} = {CB0D9E92-293C-439C-9AC7-C5F59B6E0771}
	EndProjectSection
EndProject
Project("{8BC9CEB8-8B4A-11D0-8D11-00A0C91BC942}") = "LibCXML", "subprojects\LibCXML\LibCXML.vcxproj", "{C196D659-BD55-4FBE-96EE-457D800BCA52}"
EndProject
Project("{8BC9CEB8-8B4A-11D0-8D11-00A0C91BC942}") = "LibSnowPME", "subprojects\LibSnowPME\LibSnowPME.vcxproj", "{6312B3E3-B529-4AB7-991A-02F435F834B9}"
	ProjectSection(ProjectDependencies) = postProject
		{557A07D6-202E-476C-BDB8-6506289C76FF} = {557A07D6-202E-476C-BDB8-6506289C76FF}
	EndProjectSection
EndProject
Project("{8BC9CEB8-8B4A-11D0-8D11-00A0C91BC942}") = "LibGLAD", "subprojects\LibGLAD\LibGLAD.vcxproj", "{2E0FD7F1-B765-4D62-86CF-80AC31828CEA}"
EndProject
Project("{8BC9CEB8-8B4A-11D0-8D11-00A0C91BC942}") = "LibShared", "subprojects\LibShared\LibShared.vcxproj", "{B9B46670-BE77-4DD2-9448-7EDE013F055E}"
EndProject
Project("{8BC9CEB8-8B4A-11D0-8D11-00A0C91BC942}") = "LibMonoBridge", "subprojects\LibMonoBridge\LibMonoBridge.vcxproj", "{0262A77E-91E9-4500-BAD6-9AC3DC5BD68D}"
EndProject
Project("{8BC9CEB8-8B4A-11D0-8D11-00A0C91BC942}") = "LibImGui", "subprojects\LibImGui\LibImGui.vcxproj", "{A1799BAB-A094-45D1-B6AC-AA09ACC03024}"
	ProjectSection(ProjectDependencies) = postProject
		{2E0FD7F1-B765-4D62-86CF-80AC31828CEA} = {2E0FD7F1-B765-4D62-86CF-80AC31828CEA}
		{81CE8DAF-EBB2-4761-8E45-B71ABCCA8C68} = {81CE8DAF-EBB2-4761-8E45-B71ABCCA8C68}
	EndProjectSection
EndProject
Project("{2150E333-8FDC-42A3-9474-1A3956D46DE8}") = "External", "External", "{02EA681E-C7D8-13C7-8484-4AC65E1B71E8}"
EndProject
Project("{8BC9CEB8-8B4A-11D0-8D11-00A0C91BC942}") = "libgc", "subprojects\LibPssMono\pss-mono\msvc2022\libgc.vcxproj", "{EB56000B-C80B-4E8B-908D-D84D31B517D3}"
EndProject
Project("{8BC9CEB8-8B4A-11D0-8D11-00A0C91BC942}") = "eglib", "subprojects\LibPssMono\pss-mono\msvc2022\eglib.vcxproj", "{158073ED-99AE-4196-9EDC-DDB2344F8466}"
EndProject
Project("{8BC9CEB8-8B4A-11D0-8D11-00A0C91BC942}") = "libmono", "subprojects\LibPssMono\pss-mono\msvc2022\libmono.vcxproj", "{CB0D9E92-293C-439C-9AC7-C5F59B6E0771}"
	ProjectSection(ProjectDependencies) = postProject
		{0262A77E-91E9-4500-BAD6-9AC3DC5BD68D} = {0262A77E-91E9-4500-BAD6-9AC3DC5BD68D}
	EndProjectSection
EndProject
Project("{8BC9CEB8-8B4A-11D0-8D11-00A0C91BC942}") = "monoposixhelper", "subprojects\LibPssMono\pss-mono\msvc2022\monoposixhelper.vcxproj", "{33014734-0F46-4099-9A21-0C989E428681}"
EndProject
Project("{2150E333-8FDC-42A3-9474-1A3956D46DE8}") = "Mono", "Mono", "{1CCB81B3-8645-434C-819A-212F17677D8F}"
EndProject
Project("{2150E333-8FDC-42A3-9474-1A3956D46DE8}") = "SDL2-Static", "SDL2-Static", "{13972128-C66B-4F2E-9C39-D3E2A8D0C625}"
EndProject
Project("{8BC9CEB8-8B4A-11D0-8D11-00A0C91BC942}") = "SDL2", "subprojects\LibSDL2-Static\SDL.vcxproj", "{81CE8DAF-EBB2-4761-8E45-B71ABCCA8C68}"
EndProject
Project("{8BC9CEB8-8B4A-11D0-8D11-00A0C91BC942}") = "SDL2main", "subprojects\LibSDL2-Static\SDLmain.vcxproj", "{DA956FD3-E142-46F2-9DD5-C78BEBB56B7A}"
EndProject
Project("{8BC9CEB8-8B4A-11D0-8D11-00A0C91BC942}") = "SDL2_ttf", "subprojects\LibSDL2-Static\SDL_ttf.vcxproj", "{DDDBD07D-DC76-4AF6-8D02-3E2DEB6EE255}"
EndProject
Project("{2150E333-8FDC-42A3-9474-1A3956D46DE8}") = "Tools", "Tools", "{F498BE8F-5C4B-4890-A499-4799DDCDFC0B}"
EndProject
Project("{8BC9CEB8-8B4A-11D0-8D11-00A0C91BC942}") = "genmdesc", "subprojects\LibPssMono\pss-mono\msvc2022\genmdesc.vcxproj", "{B7098DFA-31E6-4006-8A15-1C9A4E925149}"
EndProject
Project("{2150E333-8FDC-42A3-9474-1A3956D46DE8}") = "Generic", "Generic", "{A4B8704C-07F5-4D42-A949-42D2488521CA}"
EndProject
Global
	GlobalSection(SolutionConfigurationPlatforms) = preSolution
		Debug_Static|Win32 = Debug_Static|Win32
		Debug|Win32 = Debug|Win32
		Release_Static|Win32 = Release_Static|Win32
		Release|Win32 = Release|Win32
	EndGlobalSection
	GlobalSection(ProjectConfigurationPlatforms) = postSolution
		{2EECE25C-859D-4D90-B43B-2D3B6B6FBFA2}.Debug_Static|Win32.ActiveCfg = Debug_Static|Win32
		{2EECE25C-859D-4D90-B43B-2D3B6B6FBFA2}.Debug_Static|Win32.Build.0 = Debug_Static|Win32
		{2EECE25C-859D-4D90-B43B-2D3B6B6FBFA2}.Debug|Win32.ActiveCfg = Debug_Static|Win32
		{2EECE25C-859D-4D90-B43B-2D3B6B6FBFA2}.Debug|Win32.Build.0 = Debug_Static|Win32
		{2EECE25C-859D-4D90-B43B-2D3B6B6FBFA2}.Release_Static|Win32.ActiveCfg = Release_Static|Win32
		{2EECE25C-859D-4D90-B43B-2D3B6B6FBFA2}.Release_Static|Win32.Build.0 = Release_Static|Win32
		{2EECE25C-859D-4D90-B43B-2D3B6B6FBFA2}.Release|Win32.ActiveCfg = Release_Static|Win32
		{2EECE25C-859D-4D90-B43B-2D3B6B6FBFA2}.Release|Win32.Build.0 = Release_Static|Win32
		{557A07D6-202E-476C-BDB8-6506289C76FF}.Debug_Static|Win32.ActiveCfg = Debug_Static|Win32
		{557A07D6-202E-476C-BDB8-6506289C76FF}.Debug_Static|Win32.Build.0 = Debug_Static|Win32
		{557A07D6-202E-476C-BDB8-6506289C76FF}.Debug|Win32.ActiveCfg = Debug_Static|Win32
		{557A07D6-202E-476C-BDB8-6506289C76FF}.Debug|Win32.Build.0 = Debug_Static|Win32
		{557A07D6-202E-476C-BDB8-6506289C76FF}.Release_Static|Win32.ActiveCfg = Release_Static|Win32
		{557A07D6-202E-476C-BDB8-6506289C76FF}.Release_Static|Win32.Build.0 = Release_Static|Win32
		{557A07D6-202E-476C-BDB8-6506289C76FF}.Release|Win32.ActiveCfg = Release_Static|Win32
		{557A07D6-202E-476C-BDB8-6506289C76FF}.Release|Win32.Build.0 = Release_Static|Win32
		{C196D659-BD55-4FBE-96EE-457D800BCA52}.Debug_Static|Win32.ActiveCfg = Debug_Static|Win32
		{C196D659-BD55-4FBE-96EE-457D800BCA52}.Debug_Static|Win32.Build.0 = Debug_Static|Win32
		{C196D659-BD55-4FBE-96EE-457D800BCA52}.Debug|Win32.ActiveCfg = Debug_Static|Win32
		{C196D659-BD55-4FBE-96EE-457D800BCA52}.Debug|Win32.Build.0 = Debug_Static|Win32
		{C196D659-BD55-4FBE-96EE-457D800BCA52}.Release_Static|Win32.ActiveCfg = Release_Static|Win32
		{C196D659-BD55-4FBE-96EE-457D800BCA52}.Release_Static|Win32.Build.0 = Release_Static|Win32
		{C196D659-BD55-4FBE-96EE-457D800BCA52}.Release|Win32.ActiveCfg = Release_Static|Win32
		{C196D659-BD55-4FBE-96EE-457D800BCA52}.Release|Win32.Build.0 = Release_Static|Win32
		{6312B3E3-B529-4AB7-991A-02F435F834B9}.Debug_Static|Win32.ActiveCfg = Debug_Static|Win32
		{6312B3E3-B529-4AB7-991A-02F435F834B9}.Debug_Static|Win32.Build.0 = Debug_Static|Win32
		{6312B3E3-B529-4AB7-991A-02F435F834B9}.Debug|Win32.ActiveCfg = Debug_Static|Win32
		{6312B3E3-B529-4AB7-991A-02F435F834B9}.Debug|Win32.Build.0 = Debug_Static|Win32
		{6312B3E3-B529-4AB7-991A-02F435F834B9}.Release_Static|Win32.ActiveCfg = Release_Static|Win32
		{6312B3E3-B529-4AB7-991A-02F435F834B9}.Release_Static|Win32.Build.0 = Release_Static|Win32
		{6312B3E3-B529-4AB7-991A-02F435F834B9}.Release|Win32.ActiveCfg = Release_Static|Win32
		{6312B3E3-B529-4AB7-991A-02F435F834B9}.Release|Win32.Build.0 = Release_Static|Win32
		{2E0FD7F1-B765-4D62-86CF-80AC31828CEA}.Debug_Static|Win32.ActiveCfg = Debug_Static|Win32
		{2E0FD7F1-B765-4D62-86CF-80AC31828CEA}.Debug_Static|Win32.Build.0 = Debug_Static|Win32
		{2E0FD7F1-B765-4D62-86CF-80AC31828CEA}.Debug|Win32.ActiveCfg = Debug_Static|Win32
		{2E0FD7F1-B765-4D62-86CF-80AC31828CEA}.Debug|Win32.Build.0 = Debug_Static|Win32
		{2E0FD7F1-B765-4D62-86CF-80AC31828CEA}.Release_Static|Win32.ActiveCfg = Release_Static|Win32
		{2E0FD7F1-B765-4D62-86CF-80AC31828CEA}.Release_Static|Win32.Build.0 = Release_Static|Win32
		{2E0FD7F1-B765-4D62-86CF-80AC31828CEA}.Release|Win32.ActiveCfg = Release_Static|Win32
		{2E0FD7F1-B765-4D62-86CF-80AC31828CEA}.Release|Win32.Build.0 = Release_Static|Win32
		{B9B46670-BE77-4DD2-9448-7EDE013F055E}.Debug_Static|Win32.ActiveCfg = Debug_Static|Win32
		{B9B46670-BE77-4DD2-9448-7EDE013F055E}.Debug_Static|Win32.Build.0 = Debug_Static|Win32
		{B9B46670-BE77-4DD2-9448-7EDE013F055E}.Debug|Win32.ActiveCfg = Debug_Static|Win32
		{B9B46670-BE77-4DD2-9448-7EDE013F055E}.Debug|Win32.Build.0 = Debug_Static|Win32
		{B9B46670-BE77-4DD2-9448-7EDE013F055E}.Release_Static|Win32.ActiveCfg = Release_Static|Win32
		{B9B46670-BE77-4DD2-9448-7EDE013F055E}.Release_Static|Win32.Build.0 = Release_Static|Win32
		{B9B46670-BE77-4DD2-9448-7EDE013F055E}.Release|Win32.ActiveCfg = Release_Static|Win32
		{B9B46670-BE77-4DD2-9448-7EDE013F055E}.Release|Win32.Build.0 = Release_Static|Win32
		{0262A77E-91E9-4500-BAD6-9AC3DC5BD68D}.Debug_Static|Win32.ActiveCfg = Debug_Static|Win32
		{0262A77E-91E9-4500-BAD6-9AC3DC5BD68D}.Debug_Static|Win32.Build.0 = Debug_Static|Win32
		{0262A77E-91E9-4500-BAD6-9AC3DC5BD68D}.Debug|Win32.ActiveCfg = Debug|Win32
		{0262A77E-91E9-4500-BAD6-9AC3DC5BD68D}.Debug|Win32.Build.0 = Debug|Win32
		{0262A77E-91E9-4500-BAD6-9AC3DC5BD68D}.Release_Static|Win32.ActiveCfg = Release_Static|Win32
		{0262A77E-91E9-4500-BAD6-9AC3DC5BD68D}.Release_Static|Win32.Build.0 = Release_Static|Win32
		{0262A77E-91E9-4500-BAD6-9AC3DC5BD68D}.Release|Win32.ActiveCfg = Release|Win32
		{0262A77E-91E9-4500-BAD6-9AC3DC5BD68D}.Release|Win32.Build.0 = Release|Win32
		{A1799BAB-A094-45D1-B6AC-AA09ACC03024}.Debug_Static|Win32.ActiveCfg = Debug_Static|Win32
		{A1799BAB-A094-45D1-B6AC-AA09ACC03024}.Debug_Static|Win32.Build.0 = Debug_Static|Win32
		{A1799BAB-A094-45D1-B6AC-AA09ACC03024}.Debug|Win32.ActiveCfg = Debug_Static|Win32
		{A1799BAB-A094-45D1-B6AC-AA09ACC03024}.Debug|Win32.Build.0 = Debug_Static|Win32
		{A1799BAB-A094-45D1-B6AC-AA09ACC03024}.Release_Static|Win32.ActiveCfg = Release_Static|Win32
		{A1799BAB-A094-45D1-B6AC-AA09ACC03024}.Release_Static|Win32.Build.0 = Release_Static|Win32
		{A1799BAB-A094-45D1-B6AC-AA09ACC03024}.Release|Win32.ActiveCfg = Release_Static|Win32
		{A1799BAB-A094-45D1-B6AC-AA09ACC03024}.Release|Win32.Build.0 = Release_Static|Win32
		{EB56000B-C80B-4E8B-908D-D84D31B517D3}.Debug_Static|Win32.ActiveCfg = Debug_Static|Win32
		{EB56000B-C80B-4E8B-908D-D84D31B517D3}.Debug_Static|Win32.Build.0 = Debug_Static|Win32
		{EB56000B-C80B-4E8B-908D-D84D31B517D3}.Debug|Win32.ActiveCfg = Debug|Win32
		{EB56000B-C80B-4E8B-908D-D84D31B517D3}.Debug|Win32.Build.0 = Debug|Win32
		{EB56000B-C80B-4E8B-908D-D84D31B517D3}.Release_Static|Win32.ActiveCfg = Release_Static|Win32
		{EB56000B-C80B-4E8B-908D-D84D31B517D3}.Release_Static|Win32.Build.0 = Release_Static|Win32
		{EB56000B-C80B-4E8B-908D-D84D31B517D3}.Release|Win32.ActiveCfg = Release|Win32
		{EB56000B-C80B-4E8B-908D-D84D31B517D3}.Release|Win32.Build.0 = Release|Win32
		{158073ED-99AE-4196-9EDC-DDB2344F8466}.Debug_Static|Win32.ActiveCfg = Debug_Static|Win32
		{158073ED-99AE-4196-9EDC-DDB2344F8466}.Debug_Static|Win32.Build.0 = Debug_Static|Win32
		{158073ED-99AE-4196-9EDC-DDB2344F8466}.Debug|Win32.ActiveCfg = Debug|Win32
		{158073ED-99AE-4196-9EDC-DDB2344F8466}.Debug|Win32.Build.0 = Debug|Win32
		{158073ED-99AE-4196-9EDC-DDB2344F8466}.Release_Static|Win32.ActiveCfg = Release_Static|Win32
		{158073ED-99AE-4196-9EDC-DDB2344F8466}.Release_Static|Win32.Build.0 = Release_Static|Win32
		{158073ED-99AE-4196-9EDC-DDB2344F8466}.Release|Win32.ActiveCfg = Release|Win32
		{158073ED-99AE-4196-9EDC-DDB2344F8466}.Release|Win32.Build.0 = Release|Win32
		{CB0D9E92-293C-439C-9AC7-C5F59B6E0771}.Debug_Static|Win32.ActiveCfg = Debug_Static|Win32
		{CB0D9E92-293C-439C-9AC7-C5F59B6E0771}.Debug_Static|Win32.Build.0 = Debug_Static|Win32
		{CB0D9E92-293C-439C-9AC7-C5F59B6E0771}.Debug|Win32.ActiveCfg = Debug|Win32
		{CB0D9E92-293C-439C-9AC7-C5F59B6E0771}.Debug|Win32.Build.0 = Debug|Win32
		{CB0D9E92-293C-439C-9AC7-C5F59B6E0771}.Release_Static|Win32.ActiveCfg = Release_Static|Win32
		{CB0D9E92-293C-439C-9AC7-C5F59B6E0771}.Release_Static|Win32.Build.0 = Release_Static|Win32
		{CB0D9E92-293C-439C-9AC7-C5F59B6E0771}.Release|Win32.ActiveCfg = Release|Win32
		{CB0D9E92-293C-439C-9AC7-C5F59B6E0771}.Release|Win32.Build.0 = Release|Win32
		{33014734-0F46-4099-9A21-0C989E428681}.Debug_Static|Win32.ActiveCfg = Debug_Static|Win32
		{33014734-0F46-4099-9A21-0C989E428681}.Debug_Static|Win32.Build.0 = Debug_Static|Win32
		{33014734-0F46-4099-9A21-0C989E428681}.Debug|Win32.ActiveCfg = Debug|Win32
		{33014734-0F46-4099-9A21-0C989E428681}.Debug|Win32.Build.0 = Debug|Win32
		{33014734-0F46-4099-9A21-0C989E428681}.Release_Static|Win32.ActiveCfg = Release_Static|Win32
		{33014734-0F46-4099-9A21-0C989E428681}.Release_Static|Win32.Build.0 = Release_Static|Win32
		{33014734-0F46-4099-9A21-0C989E428681}.Release|Win32.ActiveCfg = Release|Win32
		{33014734-0F46-4099-9A21-0C989E428681}.Release|Win32.Build.0 = Release|Win32
		{81CE8DAF-EBB2-4761-8E45-B71ABCCA8C68}.Debug_Static|Win32.ActiveCfg = Debug_Static|Win32
		{81CE8DAF-EBB2-4761-8E45-B71ABCCA8C68}.Debug_Static|Win32.Build.0 = Debug_Static|Win32
		{81CE8DAF-EBB2-4761-8E45-B71ABCCA8C68}.Debug|Win32.ActiveCfg = Debug|Win32
		{81CE8DAF-EBB2-4761-8E45-B71ABCCA8C68}.Debug|Win32.Build.0 = Debug|Win32
		{81CE8DAF-EBB2-4761-8E45-B71ABCCA8C68}.Release_Static|Win32.ActiveCfg = Release_Static|Win32
		{81CE8DAF-EBB2-4761-8E45-B71ABCCA8C68}.Release_Static|Win32.Build.0 = Release_Static|Win32
		{81CE8DAF-EBB2-4761-8E45-B71ABCCA8C68}.Release|Win32.ActiveCfg = Release_Static|Win32
		{81CE8DAF-EBB2-4761-8E45-B71ABCCA8C68}.Release|Win32.Build.0 = Release_Static|Win32
		{DA956FD3-E142-46F2-9DD5-C78BEBB56B7A}.Debug_Static|Win32.ActiveCfg = Debug_Static|Win32
		{DA956FD3-E142-46F2-9DD5-C78BEBB56B7A}.Debug_Static|Win32.Build.0 = Debug_Static|Win32
		{DA956FD3-E142-46F2-9DD5-C78BEBB56B7A}.Debug|Win32.ActiveCfg = Debug_Static|Win32
		{DA956FD3-E142-46F2-9DD5-C78BEBB56B7A}.Debug|Win32.Build.0 = Debug_Static|Win32
		{DA956FD3-E142-46F2-9DD5-C78BEBB56B7A}.Release_Static|Win32.ActiveCfg = Release_Static|Win32
		{DA956FD3-E142-46F2-9DD5-C78BEBB56B7A}.Release_Static|Win32.Build.0 = Release_Static|Win32
		{DA956FD3-E142-46F2-9DD5-C78BEBB56B7A}.Release|Win32.ActiveCfg = Release_Static|Win32
		{DA956FD3-E142-46F2-9DD5-C78BEBB56B7A}.Release|Win32.Build.0 = Release_Static|Win32
		{DDDBD07D-DC76-4AF6-8D02-3E2DEB6EE255}.Debug_Static|Win32.ActiveCfg = Debug_Static|Win32
		{DDDBD07D-DC76-4AF6-8D02-3E2DEB6EE255}.Debug_Static|Win32.Build.0 = Debug_Static|Win32
		{DDDBD07D-DC76-4AF6-8D02-3E2DEB6EE255}.Debug|Win32.ActiveCfg = Debug_Static|Win32
		{DDDBD07D-DC76-4AF6-8D02-3E2DEB6EE255}.Debug|Win32.Build.0 = Debug_Static|Win32
		{DDDBD07D-DC76-4AF6-8D02-3E2DEB6EE255}.Release_Static|Win32.ActiveCfg = Release_Static|Win32
		{DDDBD07D-DC76-4AF6-8D02-3E2DEB6EE255}.Release_Static|Win32.Build.0 = Release_Static|Win32
		{DDDBD07D-DC76-4AF6-8D02-3E2DEB6EE255}.Release|Win32.ActiveCfg = Release_Static|Win32
		{DDDBD07D-DC76-4AF6-8D02-3E2DEB6EE255}.Release|Win32.Build.0 = Release_Static|Win32
		{B7098DFA-31E6-4006-8A15-1C9A4E925149}.Debug_Static|Win32.ActiveCfg = Debug_Static|Win32
		{B7098DFA-31E6-4006-8A15-1C9A4E925149}.Debug_Static|Win32.Build.0 = Debug_Static|Win32
		{B7098DFA-31E6-4006-8A15-1C9A4E925149}.Debug|Win32.ActiveCfg = Debug|Win32
		{B7098DFA-31E6-4006-8A15-1C9A4E925149}.Debug|Win32.Build.0 = Debug|Win32
		{B7098DFA-31E6-4006-8A15-1C9A4E925149}.Release_Static|Win32.ActiveCfg = Release_Static|Win32
		{B7098DFA-31E6-4006-8A15-1C9A4E925149}.Release_Static|Win32.Build.0 = Release_Static|Win32
		{B7098DFA-31E6-4006-8A15-1C9A4E925149}.Release|Win32.ActiveCfg = Release|Win32
		{B7098DFA-31E6-4006-8A15-1C9A4E925149}.Release|Win32.Build.0 = Release|Win32
	EndGlobalSection
	GlobalSection(SolutionProperties) = preSolution
		HideSolutionNode = FALSE
	EndGlobalSection
	GlobalSection(NestedProjects) = preSolution
		{C196D659-BD55-4FBE-96EE-457D800BCA52} = {A4B8704C-07F5-4D42-A949-42D2488521CA}
		{2E0FD7F1-B765-4D62-86CF-80AC31828CEA} = {A4B8704C-07F5-4D42-A949-42D2488521CA}
		{0262A77E-91E9-4500-BAD6-9AC3DC5BD68D} = {A4B8704C-07F5-4D42-A949-42D2488521CA}
		{A1799BAB-A094-45D1-B6AC-AA09ACC03024} = {A4B8704C-07F5-4D42-A949-42D2488521CA}
		{EB56000B-C80B-4E8B-908D-D84D31B517D3} = {1CCB81B3-8645-434C-819A-212F17677D8F}
		{158073ED-99AE-4196-9EDC-DDB2344F8466} = {1CCB81B3-8645-434C-819A-212F17677D8F}
		{CB0D9E92-293C-439C-9AC7-C5F59B6E0771} = {1CCB81B3-8645-434C-819A-212F17677D8F}
		{33014734-0F46-4099-9A21-0C989E428681} = {1CCB81B3-8645-434C-819A-212F17677D8F}
		{1CCB81B3-8645-434C-819A-212F17677D8F} = {02EA681E-C7D8-13C7-8484-4AC65E1B71E8}
		{13972128-C66B-4F2E-9C39-D3E2A8D0C625} = {02EA681E-C7D8-13C7-8484-4AC65E1B71E8}
		{81CE8DAF-EBB2-4761-8E45-B71ABCCA8C68} = {13972128-C66B-4F2E-9C39-D3E2A8D0C625}
		{DA956FD3-E142-46F2-9DD5-C78BEBB56B7A} = {13972128-C66B-4F2E-9C39-D3E2A8D0C625}
		{DDDBD07D-DC76-4AF6-8D02-3E2DEB6EE255} = {13972128-C66B-4F2E-9C39-D3E2A8D0C625}
		{F498BE8F-5C4B-4890-A499-4799DDCDFC0B} = {1CCB81B3-8645-434C-819A-212F17677D8F}
		{B7098DFA-31E6-4006-8A15-1C9A4E925149} = {F498BE8F-5C4B-4890-A499-4799DDCDFC0B}
	EndGlobalSection
	GlobalSection(ExtensibilityGlobals) = postSolution
		SolutionGuid = {4EF5716A-6065-4EC5-A0AF-85A688D8CAEC}
	EndGlobalSection
EndGlobal
