
Microsoft Visual Studio Solution File, Format Version 12.00
# Visual Studio Version 17
VisualStudioVersion = 17.1.32120.378
MinimumVisualStudioVersion = 10.0.40219.1
Project("{8BC9CEB8-8B4A-11D0-8D11-00A0C91BC942}") = "SnowPME", "SnowPME\SnowPME.vcxproj", "{2EECE25C-859D-4D90-B43B-2D3B6B6FBFA2}"
	ProjectSection(ProjectDependencies) = postProject
		{0262A77E-91E9-4500-BAD6-9AC3DC5BD68D} = {0262A77E-91E9-4500-BAD6-9AC3DC5BD68D}
		{2E0FD7F1-B765-4D62-86CF-80AC31828CEA} = {2E0FD7F1-B765-4D62-86CF-80AC31828CEA}
		{557A07D6-202E-476C-BDB8-6506289C76FF} = {557A07D6-202E-476C-BDB8-6506289C76FF}
		{6312B3E3-B529-4AB7-991A-02F435F834B9} = {6312B3E3-B529-4AB7-991A-02F435F834B9}
		{B9B46670-BE77-4DD2-9448-7EDE013F055E} = {B9B46670-BE77-4DD2-9448-7EDE013F055E}
		{C196D659-BD55-4FBE-96EE-457D800BCA52} = {C196D659-BD55-4FBE-96EE-457D800BCA52}
	EndProjectSection
EndProject
Project("{8BC9CEB8-8B4A-11D0-8D11-00A0C91BC942}") = "LibPSM", "LibPSM\LibPSM.vcxproj", "{557A07D6-202E-476C-BDB8-6506289C76FF}"
	ProjectSection(ProjectDependencies) = postProject
		{2E0FD7F1-B765-4D62-86CF-80AC31828CEA} = {2E0FD7F1-B765-4D62-86CF-80AC31828CEA}
	EndProjectSection
EndProject
Project("{8BC9CEB8-8B4A-11D0-8D11-00A0C91BC942}") = "LibCXML", "LibCXML\LibCXML.vcxproj", "{C196D659-BD55-4FBE-96EE-457D800BCA52}"
EndProject
Project("{8BC9CEB8-8B4A-11D0-8D11-00A0C91BC942}") = "LibSnowPME", "LibSnowPME\LibSnowPME.vcxproj", "{6312B3E3-B529-4AB7-991A-02F435F834B9}"
	ProjectSection(ProjectDependencies) = postProject
		{2E0FD7F1-B765-4D62-86CF-80AC31828CEA} = {2E0FD7F1-B765-4D62-86CF-80AC31828CEA}
		{557A07D6-202E-476C-BDB8-6506289C76FF} = {557A07D6-202E-476C-BDB8-6506289C76FF}
		{C196D659-BD55-4FBE-96EE-457D800BCA52} = {C196D659-BD55-4FBE-96EE-457D800BCA52}
	EndProjectSection
EndProject
Project("{8BC9CEB8-8B4A-11D0-8D11-00A0C91BC942}") = "LibGLAD", "LibGLAD\LibGLAD.vcxproj", "{2E0FD7F1-B765-4D62-86CF-80AC31828CEA}"
EndProject
Project("{8BC9CEB8-8B4A-11D0-8D11-00A0C91BC942}") = "LibShared", "LibShared\LibShared.vcxproj", "{B9B46670-BE77-4DD2-9448-7EDE013F055E}"
EndProject
Project("{8BC9CEB8-8B4A-11D0-8D11-00A0C91BC942}") = "LibMonoBridge", "LibMonoBridge\LibMonoBridge.vcxproj", "{0262A77E-91E9-4500-BAD6-9AC3DC5BD68D}"
EndProject
Global
	GlobalSection(SolutionConfigurationPlatforms) = preSolution
		Debug|x64 = Debug|x64
		Debug|x86 = Debug|x86
		Release|x64 = Release|x64
		Release|x86 = Release|x86
	EndGlobalSection
	GlobalSection(ProjectConfigurationPlatforms) = postSolution
		{2EECE25C-859D-4D90-B43B-2D3B6B6FBFA2}.Debug|x64.ActiveCfg = Debug|x64
		{2EECE25C-859D-4D90-B43B-2D3B6B6FBFA2}.Debug|x64.Build.0 = Debug|x64
		{2EECE25C-859D-4D90-B43B-2D3B6B6FBFA2}.Debug|x86.ActiveCfg = Debug|Win32
		{2EECE25C-859D-4D90-B43B-2D3B6B6FBFA2}.Debug|x86.Build.0 = Debug|Win32
		{2EECE25C-859D-4D90-B43B-2D3B6B6FBFA2}.Release|x64.ActiveCfg = Release|x64
		{2EECE25C-859D-4D90-B43B-2D3B6B6FBFA2}.Release|x64.Build.0 = Release|x64
		{2EECE25C-859D-4D90-B43B-2D3B6B6FBFA2}.Release|x86.ActiveCfg = Release|Win32
		{2EECE25C-859D-4D90-B43B-2D3B6B6FBFA2}.Release|x86.Build.0 = Release|Win32
		{557A07D6-202E-476C-BDB8-6506289C76FF}.Debug|x64.ActiveCfg = Debug|x64
		{557A07D6-202E-476C-BDB8-6506289C76FF}.Debug|x64.Build.0 = Debug|x64
		{557A07D6-202E-476C-BDB8-6506289C76FF}.Debug|x86.ActiveCfg = Debug|Win32
		{557A07D6-202E-476C-BDB8-6506289C76FF}.Debug|x86.Build.0 = Debug|Win32
		{557A07D6-202E-476C-BDB8-6506289C76FF}.Release|x64.ActiveCfg = Release|x64
		{557A07D6-202E-476C-BDB8-6506289C76FF}.Release|x64.Build.0 = Release|x64
		{557A07D6-202E-476C-BDB8-6506289C76FF}.Release|x86.ActiveCfg = Release|Win32
		{557A07D6-202E-476C-BDB8-6506289C76FF}.Release|x86.Build.0 = Release|Win32
		{C196D659-BD55-4FBE-96EE-457D800BCA52}.Debug|x64.ActiveCfg = Debug|x64
		{C196D659-BD55-4FBE-96EE-457D800BCA52}.Debug|x64.Build.0 = Debug|x64
		{C196D659-BD55-4FBE-96EE-457D800BCA52}.Debug|x86.ActiveCfg = Debug|Win32
		{C196D659-BD55-4FBE-96EE-457D800BCA52}.Debug|x86.Build.0 = Debug|Win32
		{C196D659-BD55-4FBE-96EE-457D800BCA52}.Release|x64.ActiveCfg = Release|x64
		{C196D659-BD55-4FBE-96EE-457D800BCA52}.Release|x64.Build.0 = Release|x64
		{C196D659-BD55-4FBE-96EE-457D800BCA52}.Release|x86.ActiveCfg = Release|Win32
		{C196D659-BD55-4FBE-96EE-457D800BCA52}.Release|x86.Build.0 = Release|Win32
		{6312B3E3-B529-4AB7-991A-02F435F834B9}.Debug|x64.ActiveCfg = Debug|x64
		{6312B3E3-B529-4AB7-991A-02F435F834B9}.Debug|x64.Build.0 = Debug|x64
		{6312B3E3-B529-4AB7-991A-02F435F834B9}.Debug|x86.ActiveCfg = Debug|Win32
		{6312B3E3-B529-4AB7-991A-02F435F834B9}.Debug|x86.Build.0 = Debug|Win32
		{6312B3E3-B529-4AB7-991A-02F435F834B9}.Release|x64.ActiveCfg = Release|x64
		{6312B3E3-B529-4AB7-991A-02F435F834B9}.Release|x64.Build.0 = Release|x64
		{6312B3E3-B529-4AB7-991A-02F435F834B9}.Release|x86.ActiveCfg = Release|Win32
		{6312B3E3-B529-4AB7-991A-02F435F834B9}.Release|x86.Build.0 = Release|Win32
		{2E0FD7F1-B765-4D62-86CF-80AC31828CEA}.Debug|x64.ActiveCfg = Debug|x64
		{2E0FD7F1-B765-4D62-86CF-80AC31828CEA}.Debug|x64.Build.0 = Debug|x64
		{2E0FD7F1-B765-4D62-86CF-80AC31828CEA}.Debug|x86.ActiveCfg = Debug|Win32
		{2E0FD7F1-B765-4D62-86CF-80AC31828CEA}.Debug|x86.Build.0 = Debug|Win32
		{2E0FD7F1-B765-4D62-86CF-80AC31828CEA}.Release|x64.ActiveCfg = Release|x64
		{2E0FD7F1-B765-4D62-86CF-80AC31828CEA}.Release|x64.Build.0 = Release|x64
		{2E0FD7F1-B765-4D62-86CF-80AC31828CEA}.Release|x86.ActiveCfg = Release|Win32
		{2E0FD7F1-B765-4D62-86CF-80AC31828CEA}.Release|x86.Build.0 = Release|Win32
		{B9B46670-BE77-4DD2-9448-7EDE013F055E}.Debug|x64.ActiveCfg = Debug|x64
		{B9B46670-BE77-4DD2-9448-7EDE013F055E}.Debug|x64.Build.0 = Debug|x64
		{B9B46670-BE77-4DD2-9448-7EDE013F055E}.Debug|x86.ActiveCfg = Debug|Win32
		{B9B46670-BE77-4DD2-9448-7EDE013F055E}.Debug|x86.Build.0 = Debug|Win32
		{B9B46670-BE77-4DD2-9448-7EDE013F055E}.Release|x64.ActiveCfg = Release|x64
		{B9B46670-BE77-4DD2-9448-7EDE013F055E}.Release|x64.Build.0 = Release|x64
		{B9B46670-BE77-4DD2-9448-7EDE013F055E}.Release|x86.ActiveCfg = Release|Win32
		{B9B46670-BE77-4DD2-9448-7EDE013F055E}.Release|x86.Build.0 = Release|Win32
		{0262A77E-91E9-4500-BAD6-9AC3DC5BD68D}.Debug|x64.ActiveCfg = Debug|x64
		{0262A77E-91E9-4500-BAD6-9AC3DC5BD68D}.Debug|x64.Build.0 = Debug|x64
		{0262A77E-91E9-4500-BAD6-9AC3DC5BD68D}.Debug|x86.ActiveCfg = Debug|Win32
		{0262A77E-91E9-4500-BAD6-9AC3DC5BD68D}.Debug|x86.Build.0 = Debug|Win32
		{0262A77E-91E9-4500-BAD6-9AC3DC5BD68D}.Release|x64.ActiveCfg = Release|x64
		{0262A77E-91E9-4500-BAD6-9AC3DC5BD68D}.Release|x64.Build.0 = Release|x64
		{0262A77E-91E9-4500-BAD6-9AC3DC5BD68D}.Release|x86.ActiveCfg = Release|Win32
		{0262A77E-91E9-4500-BAD6-9AC3DC5BD68D}.Release|x86.Build.0 = Release|Win32
	EndGlobalSection
	GlobalSection(SolutionProperties) = preSolution
		HideSolutionNode = FALSE
	EndGlobalSection
	GlobalSection(ExtensibilityGlobals) = postSolution
		SolutionGuid = {4EF5716A-6065-4EC5-A0AF-85A688D8CAEC}
	EndGlobalSection
EndGlobal
