<?xml version="1.0" encoding="utf-8"?>
<Project ToolsVersion="4.0" xmlns="http://schemas.microsoft.com/developer/msbuild/2003">
  <ItemGroup>
    <Filter Include="Source Files">
      <UniqueIdentifier>{4FC737F1-C7A5-4376-A066-2A32D752A2FF}</UniqueIdentifier>
      <Extensions>cpp;c;cc;cxx;c++;cppm;ixx;def;odl;idl;hpj;bat;asm;asmx</Extensions>
    </Filter>
    <Filter Include="Header Files">
      <UniqueIdentifier>{93995380-89BD-4b04-88EB-625FBE52EBFB}</UniqueIdentifier>
      <Extensions>h;hh;hpp;hxx;h++;hm;inl;inc;ipp;xsd</Extensions>
    </Filter>
    <Filter Include="Resource Files">
      <UniqueIdentifier>{67DA6AB6-F800-4c08-8B7A-83BB121AAD01}</UniqueIdentifier>
      <Extensions>rc;ico;cur;bmp;dlg;rc2;rct;bin;rgs;gif;jpg;jpeg;jpe;resx;tiff;tif;png;wav;mfcribbon-ms</Extensions>
    </Filter>
  </ItemGroup>
  <ItemGroup>
    <ClCompile Include="Sce\Pss\Core\Audio\Bgm.cpp">
      <Filter>Source Files</Filter>
    </ClCompile>
    <ClCompile Include="Sce\Pss\Core\Audio\BgmPlayer.cpp">
      <Filter>Source Files</Filter>
    </ClCompile>
    <ClCompile Include="Sce\Pss\Core\Audio\Sound.cpp">
      <Filter>Source Files</Filter>
    </ClCompile>
    <ClCompile Include="Sce\Pss\Core\Audio\SoundPlayer.cpp">
      <Filter>Source Files</Filter>
    </ClCompile>
    <ClCompile Include="Sce\Pss\Core\Device\Camera.cpp">
      <Filter>Source Files</Filter>
    </ClCompile>
    <ClCompile Include="Sce\Pss\Core\Device\CameraImportDialog.cpp">
      <Filter>Source Files</Filter>
    </ClCompile>
    <ClCompile Include="Sce\Pss\Core\Device\Location.cpp">
      <Filter>Source Files</Filter>
    </ClCompile>
    <ClCompile Include="Sce\Pss\Core\Device\PhotoImportDialog.cpp">
      <Filter>Source Files</Filter>
    </ClCompile>
    <ClCompile Include="Sce\Pss\Core\Graphics\PsmFrameBuffer.cpp">
      <Filter>Source Files</Filter>
    </ClCompile>
    <ClCompile Include="Sce\Pss\Core\Graphics\PsmGraphicsContext.cpp">
      <Filter>Source Files</Filter>
    </ClCompile>
    <ClCompile Include="Sce\Pss\Core\Graphics\PsmPixelBuffer.cpp">
      <Filter>Source Files</Filter>
    </ClCompile>
    <ClCompile Include="Sce\Pss\Core\Graphics\PsmShaderProgram.cpp">
      <Filter>Source Files</Filter>
    </ClCompile>
    <ClCompile Include="Sce\Pss\Core\Graphics\PsmTexture.cpp">
      <Filter>Source Files</Filter>
    </ClCompile>
    <ClCompile Include="Sce\Pss\Core\Graphics\PsmVertexBuffer.cpp">
      <Filter>Source Files</Filter>
    </ClCompile>
    <ClCompile Include="Sce\Pss\Core\Imaging\Font.cpp">
      <Filter>Source Files</Filter>
    </ClCompile>
    <ClCompile Include="Sce\Pss\Core\Imaging\Image.cpp">
      <Filter>Source Files</Filter>
    </ClCompile>
    <ClCompile Include="Sce\Pss\Core\Input\GamePad.cpp">
      <Filter>Source Files</Filter>
    </ClCompile>
    <ClCompile Include="Sce\Pss\Core\Input\Motion.cpp">
      <Filter>Source Files</Filter>
    </ClCompile>
    <ClCompile Include="Sce\Pss\Core\Input\Touch.cpp">
      <Filter>Source Files</Filter>
    </ClCompile>
    <ClCompile Include="Sce\Pss\Core\Services\AccountInformation.cpp">
      <Filter>Source Files</Filter>
    </ClCompile>
    <ClCompile Include="Sce\Pss\Core\Services\InAppPurchaseDialog.cpp">
      <Filter>Source Files</Filter>
    </ClCompile>
    <ClCompile Include="Sce\Pss\Core\Services\Network.cpp">
      <Filter>Source Files</Filter>
    </ClCompile>
    <ClCompile Include="Sce\Pss\Core\Services\NetworkRequest.cpp">
      <Filter>Source Files</Filter>
    </ClCompile>
    <ClCompile Include="Sce\Pss\Core\Error.cpp">
      <Filter>Source Files</Filter>
    </ClCompile>
    <ClCompile Include="Sce\Pss\Core\Graphics\ShaderProgram.cpp">
      <Filter>Source Files</Filter>
    </ClCompile>
    <ClCompile Include="Sce\Pss\Core\ExceptionInfo.cpp">
      <Filter>Source Files</Filter>
    </ClCompile>
    <ClCompile Include="Sce\Pss\Core\Errorable.cpp">
      <Filter>Source Files</Filter>
    </ClCompile>
    <ClCompile Include="Sce\Pss\Core\Graphics\CGX.cpp">
      <Filter>Source Files</Filter>
    </ClCompile>
    <ClCompile Include="Sce\Pss\Core\System\Handles.cpp">
      <Filter>Source Files</Filter>
    </ClCompile>
    <ClCompile Include="Sce\Pss\Core\Graphics\VertexBuffer.cpp">
      <Filter>Source Files</Filter>
    </ClCompile>
    <ClCompile Include="Sce\Pss\Core\Threading\Thread.cpp">
      <Filter>Source Files</Filter>
    </ClCompile>
    <ClCompile Include="Sce\Pss\Core\Graphics\GraphicsContext.cpp">
      <Filter>Source Files</Filter>
    </ClCompile>
    <ClCompile Include="Sce\Pss\Core\Io\DirectoryIterator.cpp">
      <Filter>Source Files</Filter>
    </ClCompile>
    <ClCompile Include="Sce\Pss\Core\Io\FileSystem.cpp">
      <Filter>Source Files</Filter>
    </ClCompile>
    <ClCompile Include="Sce\Pss\Core\Io\ICall.cpp">
      <Filter>Source Files</Filter>
    </ClCompile>
    <ClCompile Include="Sce\Pss\Core\Io\Sandbox.cpp">
      <Filter>Source Files</Filter>
    </ClCompile>
    <ClCompile Include="Sce\Pss\Core\Graphics\GraphicsObject.cpp">
      <Filter>Source Files</Filter>
    </ClCompile>
    <ClCompile Include="Sce\Pss\Core\Mono\MonoUtil.cpp">
      <Filter>Source Files</Filter>
    </ClCompile>
    <ClCompile Include="Sce\Pss\Core\System\PlatformSpecific.cpp">
      <Filter>Source Files</Filter>
    </ClCompile>
    <ClCompile Include="Sce\Pss\Core\Metadata\AppInfo.cpp">
      <Filter>Source Files</Filter>
    </ClCompile>
    <ClCompile Include="Sce\Pss\Core\Mono\Resources.cpp">
      <Filter>Source Files</Filter>
    </ClCompile>
    <ClCompile Include="Sce\Pss\Core\Mono\Security.cpp">
      <Filter>Source Files</Filter>
    </ClCompile>
    <ClCompile Include="Sce\Pss\Core\Services\UniqueId.cpp">
      <Filter>Source Files</Filter>
    </ClCompile>
    <ClCompile Include="Sce\Pss\Core\Graphics\OpenGL.cpp">
      <Filter>Source Files</Filter>
    </ClCompile>
    <ClCompile Include="Sce\Pss\Core\Graphics\FrameBuffer.cpp">
      <Filter>Source Files</Filter>
    </ClCompile>
    <ClCompile Include="Sce\Pss\Core\Graphics\Texture.cpp">
      <Filter>Source Files</Filter>
    </ClCompile>
    <ClCompile Include="Sce\Pss\Core\Callback\WindowCallbacks.cpp">
      <Filter>Source Files</Filter>
    </ClCompile>
    <ClCompile Include="Sce\Pss\Core\Timing\DeltaTime.cpp">
      <Filter>Source Files</Filter>
    </ClCompile>
    <ClCompile Include="Sce\Pss\Core\Graphics\ShaderProgramOption.cpp">
      <Filter>Source Files</Filter>
    </ClCompile>
    <ClCompile Include="Sce\Pss\Core\Graphics\Texture2D.cpp">
      <Filter>Source Files</Filter>
    </ClCompile>
    <ClCompile Include="Sce\Pss\Core\Graphics\TextureCube.cpp">
      <Filter>Source Files</Filter>
    </ClCompile>
    <ClCompile Include="Sce\Pss\Core\Crypto\Algorithms\aes.c">
      <Filter>Source Files</Filter>
    </ClCompile>
    <ClCompile Include="Sce\Pss\Core\Crypto\CryptoLibrary.cpp">
      <Filter>Source Files</Filter>
    </ClCompile>
    <ClCompile Include="Sce\Pss\Core\Crypto\Algorithms\hmac_sha256.c">
      <Filter>Source Files</Filter>
    </ClCompile>
    <ClCompile Include="Sce\Pss\Core\Crypto\Algorithms\sha256.c">
      <Filter>Source Files</Filter>
    </ClCompile>
    <ClCompile Include="Sce\Pss\Core\Memory\HeapAllocator.cpp">
      <Filter>Source Files</Filter>
    </ClCompile>
    <ClCompile Include="Sce\Pss\Core\Graphics\PixelBuffer.cpp">
      <Filter>Source Files</Filter>
    </ClCompile>
    <ClCompile Include="Sce\Pss\Core\Environment\Clipboard.cpp">
      <Filter>Source Files</Filter>
    </ClCompile>
    <ClCompile Include="Sce\Pss\Core\Environment\Log.cpp">
      <Filter>Source Files</Filter>
    </ClCompile>
    <ClCompile Include="Sce\Pss\Core\Environment\NetworkInformation.cpp">
      <Filter>Source Files</Filter>
    </ClCompile>
    <ClCompile Include="Sce\Pss\Core\Environment\PersistentMemory.cpp">
      <Filter>Source Files</Filter>
    </ClCompile>
    <ClCompile Include="Sce\Pss\Core\Environment\Shell.cpp">
      <Filter>Source Files</Filter>
    </ClCompile>
    <ClCompile Include="Sce\Pss\Core\Environment\SystemEvents.cpp">
      <Filter>Source Files</Filter>
    </ClCompile>
    <ClCompile Include="Sce\Pss\Core\Environment\SystemMemory.cpp">
      <Filter>Source Files</Filter>
    </ClCompile>
    <ClCompile Include="Sce\Pss\Core\Environment\SystemParameters.cpp">
      <Filter>Source Files</Filter>
    </ClCompile>
    <ClCompile Include="Sce\Pss\Core\Environment\TextInputDialog.cpp">
      <Filter>Source Files</Filter>
    </ClCompile>
    <ClCompile Include="Sce\Pss\Core\PsmObject.cpp">
      <Filter>Source Files</Filter>
    </ClCompile>
    <ClCompile Include="Sce\Pss\Core\Edata\EdataStream.cpp">
      <Filter>Source Files</Filter>
    </ClCompile>
    <ClCompile Include="Sce\Pss\Core\Edata\PsmDrm.cpp">
      <Filter>Source Files</Filter>
    </ClCompile>
    <ClCompile Include="Sce\Pss\Core\Crypto\Algorithms\md5.c">
      <Filter>Source Files</Filter>
    </ClCompile>
    <ClCompile Include="Sce\Pss\Core\Crypto\Md5Hash.cpp">
      <Filter>Source Files</Filter>
    </ClCompile>
    <ClCompile Include="Sce\Pss\Core\Crypto\Algorithms\sha1.c">
      <Filter>Source Files</Filter>
    </ClCompile>
    <ClCompile Include="Sce\Pss\Core\Crypto\AesCbc.cpp">
      <Filter>Source Files</Filter>
    </ClCompile>
    <ClCompile Include="Sce\Pss\Core\Crypto\AesEcb.cpp">
      <Filter>Source Files</Filter>
    </ClCompile>
    <ClCompile Include="Sce\Pss\Core\Edata\EdataList.cpp">
      <Filter>Source Files</Filter>
    </ClCompile>
    <ClCompile Include="Sce\Pss\Core\Mono\InitalizeMono.cpp">
      <Filter>Source Files</Filter>
    </ClCompile>
    <ClCompile Include="Sce\Pss\Core\Edata\Callbacks.cpp">
      <Filter>Source Files</Filter>
    </ClCompile>
    <ClCompile Include="Sce\Pss\Core\Callback\CallbackBase.cpp">
      <Filter>Source Files</Filter>
    </ClCompile>
    <ClCompile Include="Sce\Pss\Core\Environment\CommonDialog.cpp">
      <Filter>Source Files</Filter>
    </ClCompile>
    <ClCompile Include="Sce\Pss\Core\InitializeCsharp.cpp">
      <Filter>Source Files</Filter>
    </ClCompile>
    <ClCompile Include="Sce\Pss\Core\Imaging\Impl\ImageImpl.cpp">
      <Filter>Source Files</Filter>
    </ClCompile>
    <ClCompile Include="Sce\Pss\Core\Event\PsmEventQueue.cpp">
      <Filter>Source Files</Filter>
    </ClCompile>
    <ClCompile Include="Sce\Pss\Core\Event\PsmEvent.cpp">
      <Filter>Source Files</Filter>
    </ClCompile>
    <ClCompile Include="Sce\Pss\Core\Audio\Impl\AudioImpl.cpp">
      <Filter>Source Files</Filter>
    </ClCompile>
    <ClCompile Include="Sce\Pss\Core\PsmUniqueObject.cpp">
      <Filter>Source Files</Filter>
    </ClCompile>
    <ClCompile Include="Sce\Pss\Core\Services\InAppPurchaseInventory.cpp">
      <Filter>Source Files</Filter>
    </ClCompile>
    <ClCompile Include="Sce\Pss\Core\Services\InAppPurchaseProduct.cpp">
      <Filter>Source Files</Filter>
    </ClCompile>
    <ClCompile Include="Sce\Pss\Core\Timing\Time.cpp">
      <Filter>Source Files</Filter>
    </ClCompile>
  </ItemGroup>
  <ItemGroup>
    <ClInclude Include="Sce\Pss\Core\Audio\Bgm.hpp">
      <Filter>Header Files</Filter>
    </ClInclude>
    <ClInclude Include="Sce\Pss\Core\Audio\BgmPlayer.hpp">
      <Filter>Header Files</Filter>
    </ClInclude>
    <ClInclude Include="Sce\Pss\Core\Audio\BgmStatus.hpp">
      <Filter>Header Files</Filter>
    </ClInclude>
    <ClInclude Include="Sce\Pss\Core\Audio\Sound.hpp">
      <Filter>Header Files</Filter>
    </ClInclude>
    <ClInclude Include="Sce\Pss\Core\Audio\SoundPlayer.hpp">
      <Filter>Header Files</Filter>
    </ClInclude>
    <ClInclude Include="Sce\Pss\Core\Audio\SoundStatus.hpp">
      <Filter>Header Files</Filter>
    </ClInclude>
    <ClInclude Include="Sce\Pss\Core\Device\Camera.hpp">
      <Filter>Header Files</Filter>
    </ClInclude>
    <ClInclude Include="Sce\Pss\Core\Device\CameraFacing.hpp">
      <Filter>Header Files</Filter>
    </ClInclude>
    <ClInclude Include="Sce\Pss\Core\Device\CameraImageFormat.hpp">
      <Filter>Header Files</Filter>
    </ClInclude>
    <ClInclude Include="Sce\Pss\Core\Device\CameraImportDialog.hpp">
      <Filter>Header Files</Filter>
    </ClInclude>
    <ClInclude Include="Sce\Pss\Core\Device\CameraInfo.hpp">
      <Filter>Header Files</Filter>
    </ClInclude>
    <ClInclude Include="Sce\Pss\Core\Device\CameraSize.hpp">
      <Filter>Header Files</Filter>
    </ClInclude>
    <ClInclude Include="Sce\Pss\Core\Device\CameraState.hpp">
      <Filter>Header Files</Filter>
    </ClInclude>
    <ClInclude Include="Sce\Pss\Core\Device\Location.hpp">
      <Filter>Header Files</Filter>
    </ClInclude>
    <ClInclude Include="Sce\Pss\Core\Device\LocationData.hpp">
      <Filter>Header Files</Filter>
    </ClInclude>
    <ClInclude Include="Sce\Pss\Core\Device\LocationDeviceType.hpp">
      <Filter>Header Files</Filter>
    </ClInclude>
    <ClInclude Include="Sce\Pss\Core\Device\PhotoImportDialog.hpp">
      <Filter>Header Files</Filter>
    </ClInclude>
    <ClInclude Include="Sce\Pss\Core\Device\PictureState.hpp">
      <Filter>Header Files</Filter>
    </ClInclude>
    <ClInclude Include="Sce\Pss\Core\Graphics\BlendFunc.hpp">
      <Filter>Header Files</Filter>
    </ClInclude>
    <ClInclude Include="Sce\Pss\Core\Graphics\BlendFuncFactor.hpp">
      <Filter>Header Files</Filter>
    </ClInclude>
    <ClInclude Include="Sce\Pss\Core\Graphics\BlendFuncMode.hpp">
      <Filter>Header Files</Filter>
    </ClInclude>
    <ClInclude Include="Sce\Pss\Core\Graphics\ClearMask.hpp">
      <Filter>Header Files</Filter>
    </ClInclude>
    <ClInclude Include="Sce\Pss\Core\Graphics\ColorMask.hpp">
      <Filter>Header Files</Filter>
    </ClInclude>
    <ClInclude Include="Sce\Pss\Core\Graphics\CullFace.hpp">
      <Filter>Header Files</Filter>
    </ClInclude>
    <ClInclude Include="Sce\Pss\Core\Graphics\CullFaceDirection.hpp">
      <Filter>Header Files</Filter>
    </ClInclude>
    <ClInclude Include="Sce\Pss\Core\Graphics\DepthFunc.hpp">
      <Filter>Header Files</Filter>
    </ClInclude>
    <ClInclude Include="Sce\Pss\Core\Graphics\DepthFuncMode.hpp">
      <Filter>Header Files</Filter>
    </ClInclude>
    <ClInclude Include="Sce\Pss\Core\Graphics\DrawMode.hpp">
      <Filter>Header Files</Filter>
    </ClInclude>
    <ClInclude Include="Sce\Pss\Core\Graphics\EnableMode.hpp">
      <Filter>Header Files</Filter>
    </ClInclude>
    <ClInclude Include="Sce\Pss\Core\Graphics\GraphicsCapsState.hpp">
      <Filter>Header Files</Filter>
    </ClInclude>
    <ClInclude Include="Sce\Pss\Core\Graphics\GraphicsExtension.hpp">
      <Filter>Header Files</Filter>
    </ClInclude>
    <ClInclude Include="Sce\Pss\Core\Graphics\GraphicsState.hpp">
      <Filter>Header Files</Filter>
    </ClInclude>
    <ClInclude Include="Sce\Pss\Core\Graphics\GraphicsUpdate.hpp">
      <Filter>Header Files</Filter>
    </ClInclude>
    <ClInclude Include="Sce\Pss\Core\Graphics\InternalOption.hpp">
      <Filter>Header Files</Filter>
    </ClInclude>
    <ClInclude Include="Sce\Pss\Core\Graphics\MultiSampleMode.hpp">
      <Filter>Header Files</Filter>
    </ClInclude>
    <ClInclude Include="Sce\Pss\Core\Graphics\PixelBufferOption.hpp">
      <Filter>Header Files</Filter>
    </ClInclude>
    <ClInclude Include="Sce\Pss\Core\Graphics\PixelBufferType.hpp">
      <Filter>Header Files</Filter>
    </ClInclude>
    <ClInclude Include="Sce\Pss\Core\Graphics\PixelFormat.hpp">
      <Filter>Header Files</Filter>
    </ClInclude>
    <ClInclude Include="Sce\Pss\Core\Graphics\PolygonOffset.hpp">
      <Filter>Header Files</Filter>
    </ClInclude>
    <ClInclude Include="Sce\Pss\Core\Graphics\Primitive.hpp">
      <Filter>Header Files</Filter>
    </ClInclude>
    <ClInclude Include="Sce\Pss\Core\Graphics\PsmFrameBuffer.hpp">
      <Filter>Header Files</Filter>
    </ClInclude>
    <ClInclude Include="Sce\Pss\Core\Graphics\PsmGraphicsContext.hpp">
      <Filter>Header Files</Filter>
    </ClInclude>
    <ClInclude Include="Sce\Pss\Core\Graphics\PsmPixelBuffer.hpp">
      <Filter>Header Files</Filter>
    </ClInclude>
    <ClInclude Include="Sce\Pss\Core\Graphics\PsmShaderProgram.hpp">
      <Filter>Header Files</Filter>
    </ClInclude>
    <ClInclude Include="Sce\Pss\Core\Graphics\PsmTexture.hpp">
      <Filter>Header Files</Filter>
    </ClInclude>
    <ClInclude Include="Sce\Pss\Core\Graphics\PsmVertexBuffer.hpp">
      <Filter>Header Files</Filter>
    </ClInclude>
    <ClInclude Include="Sce\Pss\Core\Graphics\ShaderAttributeType.hpp">
      <Filter>Header Files</Filter>
    </ClInclude>
    <ClInclude Include="Sce\Pss\Core\Graphics\ShaderUniformType.hpp">
      <Filter>Header Files</Filter>
    </ClInclude>
    <ClInclude Include="Sce\Pss\Core\Graphics\StencilFunc.hpp">
      <Filter>Header Files</Filter>
    </ClInclude>
    <ClInclude Include="Sce\Pss\Core\Graphics\StencilFuncMode.hpp">
      <Filter>Header Files</Filter>
    </ClInclude>
    <ClInclude Include="Sce\Pss\Core\Graphics\StencilOp.hpp">
      <Filter>Header Files</Filter>
    </ClInclude>
    <ClInclude Include="Sce\Pss\Core\Graphics\StencilOpMode.hpp">
      <Filter>Header Files</Filter>
    </ClInclude>
    <ClInclude Include="Sce\Pss\Core\Graphics\TextureCubeFace.hpp">
      <Filter>Header Files</Filter>
    </ClInclude>
    <ClInclude Include="Sce\Pss\Core\Graphics\TextureFilter.hpp">
      <Filter>Header Files</Filter>
    </ClInclude>
    <ClInclude Include="Sce\Pss\Core\Graphics\TextureFilterMode.hpp">
      <Filter>Header Files</Filter>
    </ClInclude>
    <ClInclude Include="Sce\Pss\Core\Graphics\TextureWrap.hpp">
      <Filter>Header Files</Filter>
    </ClInclude>
    <ClInclude Include="Sce\Pss\Core\Graphics\TextureWrapMode.hpp">
      <Filter>Header Files</Filter>
    </ClInclude>
    <ClInclude Include="Sce\Pss\Core\Graphics\VertexFormat.hpp">
      <Filter>Header Files</Filter>
    </ClInclude>
    <ClInclude Include="Sce\Pss\Core\Imaging\CharMetrics.hpp">
      <Filter>Header Files</Filter>
    </ClInclude>
    <ClInclude Include="Sce\Pss\Core\Imaging\Font.hpp">
      <Filter>Header Files</Filter>
    </ClInclude>
    <ClInclude Include="Sce\Pss\Core\Imaging\FontAlias.hpp">
      <Filter>Header Files</Filter>
    </ClInclude>
    <ClInclude Include="Sce\Pss\Core\Imaging\FontMetrics.hpp">
      <Filter>Header Files</Filter>
    </ClInclude>
    <ClInclude Include="Sce\Pss\Core\Imaging\FontStyle.hpp">
      <Filter>Header Files</Filter>
    </ClInclude>
    <ClInclude Include="Sce\Pss\Core\Imaging\Image.hpp">
      <Filter>Header Files</Filter>
    </ClInclude>
    <ClInclude Include="Sce\Pss\Core\Imaging\ImageColor.hpp">
      <Filter>Header Files</Filter>
    </ClInclude>
    <ClInclude Include="Sce\Pss\Core\Imaging\ImageMode.hpp">
      <Filter>Header Files</Filter>
    </ClInclude>
    <ClInclude Include="Sce\Pss\Core\Imaging\ImagePosition.hpp">
      <Filter>Header Files</Filter>
    </ClInclude>
    <ClInclude Include="Sce\Pss\Core\Imaging\ImageRect.hpp">
      <Filter>Header Files</Filter>
    </ClInclude>
    <ClInclude Include="Sce\Pss\Core\Imaging\ImageSize.hpp">
      <Filter>Header Files</Filter>
    </ClInclude>
    <ClInclude Include="Sce\Pss\Core\Input\GamePad.hpp">
      <Filter>Header Files</Filter>
    </ClInclude>
    <ClInclude Include="Sce\Pss\Core\Input\GamePadButtons.hpp">
      <Filter>Header Files</Filter>
    </ClInclude>
    <ClInclude Include="Sce\Pss\Core\Input\GamePadData.hpp">
      <Filter>Header Files</Filter>
    </ClInclude>
    <ClInclude Include="Sce\Pss\Core\Input\Motion.hpp">
      <Filter>Header Files</Filter>
    </ClInclude>
    <ClInclude Include="Sce\Pss\Core\Input\MotionData.hpp">
      <Filter>Header Files</Filter>
    </ClInclude>
    <ClInclude Include="Sce\Pss\Core\Input\Touch.hpp">
      <Filter>Header Files</Filter>
    </ClInclude>
    <ClInclude Include="Sce\Pss\Core\Input\TouchData.hpp">
      <Filter>Header Files</Filter>
    </ClInclude>
    <ClInclude Include="Sce\Pss\Core\Input\TouchStatus.hpp">
      <Filter>Header Files</Filter>
    </ClInclude>
    <ClInclude Include="Sce\Pss\Core\Services\AccountInformation.hpp">
      <Filter>Header Files</Filter>
    </ClInclude>
    <ClInclude Include="Sce\Pss\Core\Services\InAppPurchaseCommand.hpp">
      <Filter>Header Files</Filter>
    </ClInclude>
    <ClInclude Include="Sce\Pss\Core\Services\InAppPurchaseDialog.hpp">
      <Filter>Header Files</Filter>
    </ClInclude>
    <ClInclude Include="Sce\Pss\Core\Services\InAppPurchaseProduct.hpp">
      <Filter>Header Files</Filter>
    </ClInclude>
    <ClInclude Include="Sce\Pss\Core\Services\Network.hpp">
      <Filter>Header Files</Filter>
    </ClInclude>
    <ClInclude Include="Sce\Pss\Core\Services\NetworkRequest.hpp">
      <Filter>Header Files</Filter>
    </ClInclude>
    <ClInclude Include="Sce\Pss\Core\Error.hpp">
      <Filter>Header Files</Filter>
    </ClInclude>
    <ClInclude Include="Sce\Pss\Core\Matrix4.hpp">
      <Filter>Header Files</Filter>
    </ClInclude>
    <ClInclude Include="Sce\Pss\Core\Vector2.hpp">
      <Filter>Header Files</Filter>
    </ClInclude>
    <ClInclude Include="Sce\Pss\Core\Vector3.hpp">
      <Filter>Header Files</Filter>
    </ClInclude>
    <ClInclude Include="Sce\Pss\Core\Vector4.hpp">
      <Filter>Header Files</Filter>
    </ClInclude>
    <ClInclude Include="LibPSM.hpp">
      <Filter>Header Files</Filter>
    </ClInclude>
    <ClInclude Include="Sce\Pss\Core\Graphics\ImportDialogEnum.hpp">
      <Filter>Header Files</Filter>
    </ClInclude>
    <ClInclude Include="Sce\Pss\Core\Graphics\ShaderProgram.hpp">
      <Filter>Header Files</Filter>
    </ClInclude>
    <ClInclude Include="Sce\Pss\Core\ExceptionInfo.hpp">
      <Filter>Header Files</Filter>
    </ClInclude>
    <ClInclude Include="Sce\Pss\Core\Errorable.hpp">
      <Filter>Header Files</Filter>
    </ClInclude>
    <ClInclude Include="Sce\Pss\Core\Graphics\CGX.hpp">
      <Filter>Header Files</Filter>
    </ClInclude>
    <ClInclude Include="Sce\Pss\Core\System\Handles.hpp">
      <Filter>Header Files</Filter>
    </ClInclude>
    <ClInclude Include="Sce\Pss\Core\Graphics\VertexBuffer.hpp">
      <Filter>Header Files</Filter>
    </ClInclude>
    <ClInclude Include="Sce\Pss\Core\Threading\Thread.hpp">
      <Filter>Header Files</Filter>
    </ClInclude>
    <ClInclude Include="Sce\Pss\Core\Graphics\GraphicsContext.hpp">
      <Filter>Header Files</Filter>
    </ClInclude>
    <ClInclude Include="Sce\Pss\Core\Io\DirectoryIterator.hpp">
      <Filter>Header Files</Filter>
    </ClInclude>
    <ClInclude Include="Sce\Pss\Core\Io\FileSystem.hpp">
      <Filter>Header Files</Filter>
    </ClInclude>
    <ClInclude Include="Sce\Pss\Core\Io\ICall.hpp">
      <Filter>Header Files</Filter>
    </ClInclude>
    <ClInclude Include="Sce\Pss\Core\Io\Sandbox.hpp">
      <Filter>Header Files</Filter>
    </ClInclude>
    <ClInclude Include="Sce\Pss\Core\Graphics\ElementType.hpp">
      <Filter>Header Files</Filter>
    </ClInclude>
    <ClInclude Include="Sce\Pss\Core\Graphics\GraphicsObject.hpp">
      <Filter>Header Files</Filter>
    </ClInclude>
    <ClInclude Include="Sce\Pss\Core\Mono\MonoUtil.hpp">
      <Filter>Header Files</Filter>
    </ClInclude>
    <ClInclude Include="Sce\Pss\Core\System\PlatformSpecific.hpp">
      <Filter>Header Files</Filter>
    </ClInclude>
    <ClInclude Include="Sce\Pss\Core\Metadata\AppInfo.hpp">
      <Filter>Header Files</Filter>
    </ClInclude>
    <ClInclude Include="Sce\Pss\Core\Mono\Resources.hpp">
      <Filter>Header Files</Filter>
    </ClInclude>
    <ClInclude Include="Sce\Pss\Core\Mono\Security.hpp">
      <Filter>Header Files</Filter>
    </ClInclude>
    <ClInclude Include="Sce\Pss\Core\Services\UniqueId.hpp">
      <Filter>Header Files</Filter>
    </ClInclude>
    <ClInclude Include="Sce\Pss\Core\Graphics\OpenGL.hpp">
      <Filter>Header Files</Filter>
    </ClInclude>
    <ClInclude Include="Sce\Pss\Core\Graphics\FrameBuffer.hpp">
      <Filter>Header Files</Filter>
    </ClInclude>
    <ClInclude Include="Sce\Pss\Core\Graphics\Texture.hpp">
      <Filter>Header Files</Filter>
    </ClInclude>
    <ClInclude Include="Sce\Pss\Core\Timing\DeltaTime.hpp">
      <Filter>Header Files</Filter>
    </ClInclude>
    <ClInclude Include="Sce\Pss\Core\Callback\WindowCallbacks.hpp">
      <Filter>Header Files</Filter>
    </ClInclude>
    <ClInclude Include="Sce\Pss\Core\Graphics\ProgramUniform.hpp">
      <Filter>Header Files</Filter>
    </ClInclude>
    <ClInclude Include="Sce\Pss\Core\Graphics\ProgramAttribute.hpp">
      <Filter>Header Files</Filter>
    </ClInclude>
    <ClInclude Include="Sce\Pss\Core\Graphics\ShaderProgramOption.hpp">
      <Filter>Header Files</Filter>
    </ClInclude>
    <ClInclude Include="Sce\Pss\Core\BitwiseEnum.hpp">
      <Filter>Header Files</Filter>
    </ClInclude>
    <ClInclude Include="Sce\Pss\Core\Graphics\Texture2D.hpp">
      <Filter>Header Files</Filter>
    </ClInclude>
    <ClInclude Include="Sce\Pss\Core\Graphics\TextureCube.hpp">
      <Filter>Header Files</Filter>
    </ClInclude>
    <ClInclude Include="Sce\Pss\Core\Crypto\Algorithms\aes.h">
      <Filter>Header Files</Filter>
    </ClInclude>
    <ClInclude Include="Sce\Pss\Core\Crypto\CryptoLibrary.hpp">
      <Filter>Header Files</Filter>
    </ClInclude>
    <ClInclude Include="Sce\Pss\Core\Crypto\Algorithms\hmac_sha256.h">
      <Filter>Header Files</Filter>
    </ClInclude>
    <ClInclude Include="Sce\Pss\Core\Crypto\Algorithms\sha256.h">
      <Filter>Header Files</Filter>
    </ClInclude>
    <ClInclude Include="Sce\Pss\Core\Crypto\Keys.hpp">
      <Filter>Header Files</Filter>
    </ClInclude>
    <ClInclude Include="Sce\Pss\Core\Memory\HeapAllocator.hpp">
      <Filter>Header Files</Filter>
    </ClInclude>
    <ClInclude Include="Sce\Pss\Core\Graphics\PixelBuffer.hpp">
      <Filter>Header Files</Filter>
    </ClInclude>
    <ClInclude Include="Sce\Pss\Core\Bool.hpp">
      <Filter>Header Files</Filter>
    </ClInclude>
    <ClInclude Include="Sce\Pss\Core\Environment\Action.hpp">
      <Filter>Header Files</Filter>
    </ClInclude>
    <ClInclude Include="Sce\Pss\Core\Environment\ActionType.hpp">
      <Filter>Header Files</Filter>
    </ClInclude>
    <ClInclude Include="Sce\Pss\Core\Environment\Clipboard.hpp">
      <Filter>Header Files</Filter>
    </ClInclude>
    <ClInclude Include="Sce\Pss\Core\Environment\CommonDialogResult.hpp">
      <Filter>Header Files</Filter>
    </ClInclude>
    <ClInclude Include="Sce\Pss\Core\Environment\CommonDialogState.hpp">
      <Filter>Header Files</Filter>
    </ClInclude>
    <ClInclude Include="Sce\Pss\Core\Environment\CommonDialogType.hpp">
      <Filter>Header Files</Filter>
    </ClInclude>
    <ClInclude Include="Sce\Pss\Core\Environment\InternalData.hpp">
      <Filter>Header Files</Filter>
    </ClInclude>
    <ClInclude Include="Sce\Pss\Core\Environment\Log.hpp">
      <Filter>Header Files</Filter>
    </ClInclude>
    <ClInclude Include="Sce\Pss\Core\Environment\NetworkInformation.hpp">
      <Filter>Header Files</Filter>
    </ClInclude>
    <ClInclude Include="Sce\Pss\Core\Environment\ParameterKey.hpp">
      <Filter>Header Files</Filter>
    </ClInclude>
    <ClInclude Include="Sce\Pss\Core\Environment\PersistentMemory.hpp">
      <Filter>Header Files</Filter>
    </ClInclude>
    <ClInclude Include="Sce\Pss\Core\Environment\Shell.hpp">
      <Filter>Header Files</Filter>
    </ClInclude>
    <ClInclude Include="Sce\Pss\Core\Environment\SystemEvents.hpp">
      <Filter>Header Files</Filter>
    </ClInclude>
    <ClInclude Include="Sce\Pss\Core\Environment\SystemMemory.hpp">
      <Filter>Header Files</Filter>
    </ClInclude>
    <ClInclude Include="Sce\Pss\Core\Environment\SystemParameters.hpp">
      <Filter>Header Files</Filter>
    </ClInclude>
    <ClInclude Include="Sce\Pss\Core\Environment\TextInputDialog.hpp">
      <Filter>Header Files</Filter>
    </ClInclude>
    <ClInclude Include="Sce\Pss\Core\Environment\TextInputMode.hpp">
      <Filter>Header Files</Filter>
    </ClInclude>
    <ClInclude Include="Sce\Pss\Core\PsmObject.hpp">
      <Filter>Header Files</Filter>
    </ClInclude>
    <ClInclude Include="Sce\Pss\Core\Edata\EdataStream.hpp">
      <Filter>Header Files</Filter>
    </ClInclude>
    <ClInclude Include="Sce\Pss\Core\Edata\EdataHeader.hpp">
      <Filter>Header Files</Filter>
    </ClInclude>
    <ClInclude Include="Sce\Pss\Core\Edata\PsmDrm.hpp">
      <Filter>Header Files</Filter>
    </ClInclude>
    <ClInclude Include="Sce\Pss\Core\Edata\PsmDrmLicense.hpp">
      <Filter>Header Files</Filter>
    </ClInclude>
    <ClInclude Include="Sce\Pss\Core\Crypto\Algorithms\md5.h">
      <Filter>Header Files</Filter>
    </ClInclude>
    <ClInclude Include="Sce\Pss\Core\Crypto\Md5Hash.hpp">
      <Filter>Header Files</Filter>
    </ClInclude>
    <ClInclude Include="Sce\Pss\Core\Crypto\Algorithms\Algorithms.hpp">
      <Filter>Header Files</Filter>
    </ClInclude>
    <ClInclude Include="Sce\Pss\Core\Io\PsmFileDescriptor.hpp">
      <Filter>Header Files</Filter>
    </ClInclude>
    <ClInclude Include="Sce\Pss\Core\Io\StackItem.hpp">
      <Filter>Header Files</Filter>
    </ClInclude>
    <ClInclude Include="Sce\Pss\Core\Mono\PsmDlls.hpp">
      <Filter>Header Files</Filter>
    </ClInclude>
    <ClInclude Include="Sce\Pss\Core\Crypto\Algorithms\sha1.h">
      <Filter>Header Files</Filter>
    </ClInclude>
    <ClInclude Include="Sce\Pss\Core\Crypto\AesCbc.hpp">
      <Filter>Header Files</Filter>
    </ClInclude>
    <ClInclude Include="Sce\Pss\Core\Crypto\AesEcb.hpp">
      <Filter>Header Files</Filter>
    </ClInclude>
    <ClInclude Include="Sce\Pss\Core\Edata\EdataList.hpp">
      <Filter>Header Files</Filter>
    </ClInclude>
    <ClInclude Include="Sce\Pss\Core\Services\InAppPurchaseCommandResults.hpp">
      <Filter>Header Files</Filter>
    </ClInclude>
    <ClInclude Include="Sce\Pss\Core\Services\InAppPurchaseCommandArguments.hpp">
      <Filter>Header Files</Filter>
    </ClInclude>
    <ClInclude Include="Sce\Pss\Core\Mono\InitalizeMono.hpp">
      <Filter>Header Files</Filter>
    </ClInclude>
    <ClInclude Include="Sce\Pss\Core\Edata\Callbacks.hpp">
      <Filter>Header Files</Filter>
    </ClInclude>
    <ClInclude Include="Sce\Pss\Core\Callback\CallbackBase.hpp">
      <Filter>Header Files</Filter>
    </ClInclude>
    <ClInclude Include="Sce\Pss\Core\Services\InAppPurchaseTicketType.hpp">
      <Filter>Header Files</Filter>
    </ClInclude>
    <ClInclude Include="Sce\Pss\Core\Environment\CommonDialog.hpp">
      <Filter>Header Files</Filter>
    </ClInclude>
    <ClInclude Include="Sce\Pss\Core\Environment\CommonDialogResults.hpp">
      <Filter>Header Files</Filter>
    </ClInclude>
    <ClInclude Include="Sce\Pss\Core\Environment\CommonDialogArguments.hpp">
      <Filter>Header Files</Filter>
    </ClInclude>
    <ClInclude Include="Sce\Pss\Core\InitializeCsharp.hpp">
      <Filter>Header Files</Filter>
    </ClInclude>
    <ClInclude Include="Sce\Pss\Core\Mono\PsmMonoFunc.hpp">
      <Filter>Header Files</Filter>
    </ClInclude>
    <ClInclude Include="Sce\Pss\Core\Imaging\Impl\Image.hpp">
      <Filter>Header Files</Filter>
    </ClInclude>
    <ClInclude Include="Sce\Pss\Core\Event\PsmEventQueue.hpp">
      <Filter>Header Files</Filter>
    </ClInclude>
    <ClInclude Include="Sce\Pss\Core\Event\PsmEvent.hpp">
      <Filter>Header Files</Filter>
    </ClInclude>
    <ClInclude Include="Sce\Pss\Core\Event\PsmEventType.hpp">
      <Filter>Header Files</Filter>
    </ClInclude>
    <ClInclude Include="Sce\Pss\Core\Audio\Impl\Audio.hpp">
      <Filter>Header Files</Filter>
    </ClInclude>
    <ClInclude Include="Sce\Pss\Core\PsmUniqueObject.hpp">
      <Filter>Header Files</Filter>
    </ClInclude>
    <ClInclude Include="Sce\Pss\Core\Services\InAppPurchaseInventory.hpp">
      <Filter>Header Files</Filter>
    </ClInclude>
    <ClInclude Include="Sce\Pss\Core\Services\InAppPurchaseProductMonoData.hpp">
      <Filter>Header Files</Filter>
    </ClInclude>
    <ClInclude Include="Sce\Pss\Core\PsmMutexObject.hpp">
      <Filter>Header Files</Filter>
    </ClInclude>
    <ClInclude Include="Sce\Pss\Core\Timing\Time.hpp">
      <Filter>Header Files</Filter>
    </ClInclude>
  </ItemGroup>
</Project>