<?xml version="1.0" encoding="utf-8"?>
<Project ToolsVersion="4.0" xmlns="http://schemas.microsoft.com/developer/msbuild/2003">
  <ItemGroup>
    <Filter Include="Source Files">
      <UniqueIdentifier>{4FC737F1-C7A5-4376-A066-2A32D752A2FF}</UniqueIdentifier>
      <Extensions>cpp;c;cc;cxx;c++;cppm;ixx;def;odl;idl;hpj;bat;asm;asmx</Extensions>
    </Filter>
    <Filter Include="Header Files">
      <UniqueIdentifier>{93995380-89BD-4b04-88EB-625FBE52EBFB}</UniqueIdentifier>
      <Extensions>h;hh;hpp;hxx;h++;hm;inl;inc;ipp;xsd</Extensions>
    </Filter>
    <Filter Include="Resource Files">
      <UniqueIdentifier>{67DA6AB6-F800-4c08-8B7A-83BB121AAD01}</UniqueIdentifier>
      <Extensions>rc;ico;cur;bmp;dlg;rc2;rct;bin;rgs;gif;jpg;jpeg;jpe;resx;tiff;tif;png;wav;mfcribbon-ms</Extensions>
    </Filter>
  </ItemGroup>
  <ItemGroup>
    <ClInclude Include="LibSnowPME.hpp">
      <Filter>Header Files</Filter>
    </ClInclude>
    <ClInclude Include="Util\Config.hpp">
      <Filter>Header Files</Filter>
    </ClInclude>
    <ClInclude Include="Util\StringUtils.hpp">
      <Filter>Header Files</Filter>
    </ClInclude>
    <ClInclude Include="Runtime\Init.hpp">
      <Filter>Header Files</Filter>
    </ClInclude>
    <ClInclude Include="Runtime\Resources.hpp">
      <Filter>Header Files</Filter>
    </ClInclude>
    <ClInclude Include="Runtime\Security.hpp">
      <Filter>Header Files</Filter>
    </ClInclude>
    <ClInclude Include="Metadata\AppInfo.hpp">
      <Filter>Header Files</Filter>
    </ClInclude>
    <ClInclude Include="IO\DirectoryIterator.hpp">
      <Filter>Header Files</Filter>
    </ClInclude>
    <ClInclude Include="IO\FileSystem.hpp">
      <Filter>Header Files</Filter>
    </ClInclude>
    <ClInclude Include="IO\ICall.hpp">
      <Filter>Header Files</Filter>
    </ClInclude>
    <ClInclude Include="IO\Path.hpp">
      <Filter>Header Files</Filter>
    </ClInclude>
    <ClInclude Include="Util\PlatformSpecific.hpp">
      <Filter>Header Files</Filter>
    </ClInclude>
    <ClInclude Include="IO\Sandbox.hpp">
      <Filter>Header Files</Filter>
    </ClInclude>
    <ClInclude Include="Debug\Logger.hpp">
      <Filter>Header Files</Filter>
    </ClInclude>
    <ClInclude Include="Util\AppGlobals.hpp">
      <Filter>Header Files</Filter>
    </ClInclude>
    <ClInclude Include="Graphics\Window.hpp">
      <Filter>Header Files</Filter>
    </ClInclude>
    <ClInclude Include="Util\MonoUtil.hpp">
      <Filter>Header Files</Filter>
    </ClInclude>
    <ClInclude Include="Graphics\CGX.hpp">
      <Filter>Header Files</Filter>
    </ClInclude>
  </ItemGroup>
  <ItemGroup>
    <ClCompile Include="Util\Config.cpp">
      <Filter>Source Files</Filter>
    </ClCompile>
    <ClCompile Include="Util\StringUtils.cpp">
      <Filter>Source Files</Filter>
    </ClCompile>
    <ClCompile Include="Util\AppGlobals.cpp">
      <Filter>Source Files</Filter>
    </ClCompile>
    <ClCompile Include="Runtime\Init.cpp">
      <Filter>Source Files</Filter>
    </ClCompile>
    <ClCompile Include="Runtime\Resources.cpp">
      <Filter>Source Files</Filter>
    </ClCompile>
    <ClCompile Include="Runtime\Security.cpp">
      <Filter>Source Files</Filter>
    </ClCompile>
    <ClCompile Include="Metadata\AppInfo.cpp">
      <Filter>Source Files</Filter>
    </ClCompile>
    <ClCompile Include="IO\DirectoryIterator.cpp">
      <Filter>Source Files</Filter>
    </ClCompile>
    <ClCompile Include="IO\FileSystem.cpp">
      <Filter>Source Files</Filter>
    </ClCompile>
    <ClCompile Include="IO\ICall.cpp">
      <Filter>Source Files</Filter>
    </ClCompile>
    <ClCompile Include="IO\Path.cpp">
      <Filter>Source Files</Filter>
    </ClCompile>
    <ClCompile Include="Util\PlatformSpecific.cpp">
      <Filter>Source Files</Filter>
    </ClCompile>
    <ClCompile Include="IO\Sandbox.cpp">
      <Filter>Source Files</Filter>
    </ClCompile>
    <ClCompile Include="Debug\Logger.cpp">
      <Filter>Source Files</Filter>
    </ClCompile>
    <ClCompile Include="Graphics\Window.cpp">
      <Filter>Source Files</Filter>
    </ClCompile>
    <ClCompile Include="Util\MonoUtil.cpp">
      <Filter>Source Files</Filter>
    </ClCompile>
  </ItemGroup>
</Project>