<?xml version="1.0" encoding="utf-8"?>
<Project ToolsVersion="4.0" xmlns="http://schemas.microsoft.com/developer/msbuild/2003">
  <ItemGroup>
    <Filter Include="Source Files">
      <UniqueIdentifier>{4FC737F1-C7A5-4376-A066-2A32D752A2FF}</UniqueIdentifier>
      <Extensions>cpp;c;cc;cxx;c++;cppm;ixx;def;odl;idl;hpj;bat;asm;asmx</Extensions>
    </Filter>
    <Filter Include="Header Files">
      <UniqueIdentifier>{93995380-89BD-4b04-88EB-625FBE52EBFB}</UniqueIdentifier>
      <Extensions>h;hh;hpp;hxx;h++;hm;inl;inc;ipp;xsd</Extensions>
    </Filter>
    <Filter Include="Resource Files">
      <UniqueIdentifier>{67DA6AB6-F800-4c08-8B7A-83BB121AAD01}</UniqueIdentifier>
      <Extensions>rc;ico;cur;bmp;dlg;rc2;rct;bin;rgs;gif;jpg;jpeg;jpe;resx;tiff;tif;png;wav;mfcribbon-ms</Extensions>
    </Filter>
  </ItemGroup>
  <ItemGroup>
    <ClCompile Include="Sce\PlayStation\Core\Audio\Bgm.cpp">
      <Filter>Source Files</Filter>
    </ClCompile>
    <ClCompile Include="Sce\PlayStation\Core\Audio\BgmPlayer.cpp">
      <Filter>Source Files</Filter>
    </ClCompile>
    <ClCompile Include="Sce\PlayStation\Core\Audio\Sound.cpp">
      <Filter>Source Files</Filter>
    </ClCompile>
    <ClCompile Include="Sce\PlayStation\Core\Audio\SoundPlayer.cpp">
      <Filter>Source Files</Filter>
    </ClCompile>
    <ClCompile Include="Sce\PlayStation\Core\Device\Camera.cpp">
      <Filter>Source Files</Filter>
    </ClCompile>
    <ClCompile Include="Sce\PlayStation\Core\Device\CameraImportDialog.cpp">
      <Filter>Source Files</Filter>
    </ClCompile>
    <ClCompile Include="Sce\PlayStation\Core\Device\Location.cpp">
      <Filter>Source Files</Filter>
    </ClCompile>
    <ClCompile Include="Sce\PlayStation\Core\Device\PhotoImportDialog.cpp">
      <Filter>Source Files</Filter>
    </ClCompile>
    <ClCompile Include="Sce\PlayStation\Core\Environment\Clipboard.cpp">
      <Filter>Source Files</Filter>
    </ClCompile>
    <ClCompile Include="Sce\PlayStation\Core\Environment\Log.cpp">
      <Filter>Source Files</Filter>
    </ClCompile>
    <ClCompile Include="Sce\PlayStation\Core\Environment\NetworkInformation.cpp">
      <Filter>Source Files</Filter>
    </ClCompile>
    <ClCompile Include="Sce\PlayStation\Core\Environment\PersistentMemory.cpp">
      <Filter>Source Files</Filter>
    </ClCompile>
    <ClCompile Include="Sce\PlayStation\Core\Environment\Shell.cpp">
      <Filter>Source Files</Filter>
    </ClCompile>
    <ClCompile Include="Sce\PlayStation\Core\Environment\SystemEvents.cpp">
      <Filter>Source Files</Filter>
    </ClCompile>
    <ClCompile Include="Sce\PlayStation\Core\Environment\SystemMemory.cpp">
      <Filter>Source Files</Filter>
    </ClCompile>
    <ClCompile Include="Sce\PlayStation\Core\Environment\SystemParameters.cpp">
      <Filter>Source Files</Filter>
    </ClCompile>
    <ClCompile Include="Sce\PlayStation\Core\Environment\TextInputDialog.cpp">
      <Filter>Source Files</Filter>
    </ClCompile>
    <ClCompile Include="Sce\PlayStation\Core\Graphics\PsmFrameBuffer.cpp">
      <Filter>Source Files</Filter>
    </ClCompile>
    <ClCompile Include="Sce\PlayStation\Core\Graphics\PsmGraphicsContext.cpp">
      <Filter>Source Files</Filter>
    </ClCompile>
    <ClCompile Include="Sce\PlayStation\Core\Graphics\PsmPixelBuffer.cpp">
      <Filter>Source Files</Filter>
    </ClCompile>
    <ClCompile Include="Sce\PlayStation\Core\Graphics\PsmShaderProgram.cpp">
      <Filter>Source Files</Filter>
    </ClCompile>
    <ClCompile Include="Sce\PlayStation\Core\Graphics\PsmTexture.cpp">
      <Filter>Source Files</Filter>
    </ClCompile>
    <ClCompile Include="Sce\PlayStation\Core\Graphics\PsmVertexBuffer.cpp">
      <Filter>Source Files</Filter>
    </ClCompile>
    <ClCompile Include="Sce\PlayStation\Core\Imaging\Font.cpp">
      <Filter>Source Files</Filter>
    </ClCompile>
    <ClCompile Include="Sce\PlayStation\Core\Imaging\Image.cpp">
      <Filter>Source Files</Filter>
    </ClCompile>
    <ClCompile Include="Sce\PlayStation\Core\Input\GamePad.cpp">
      <Filter>Source Files</Filter>
    </ClCompile>
    <ClCompile Include="Sce\PlayStation\Core\Input\Motion.cpp">
      <Filter>Source Files</Filter>
    </ClCompile>
    <ClCompile Include="Sce\PlayStation\Core\Input\Touch.cpp">
      <Filter>Source Files</Filter>
    </ClCompile>
    <ClCompile Include="Sce\PlayStation\Core\Services\AccountInformation.cpp">
      <Filter>Source Files</Filter>
    </ClCompile>
    <ClCompile Include="Sce\PlayStation\Core\Services\InAppPurchaseDialog.cpp">
      <Filter>Source Files</Filter>
    </ClCompile>
    <ClCompile Include="Sce\PlayStation\Core\Services\Network.cpp">
      <Filter>Source Files</Filter>
    </ClCompile>
    <ClCompile Include="Sce\PlayStation\Core\Services\NetworkRequest.cpp">
      <Filter>Source Files</Filter>
    </ClCompile>
    <ClCompile Include="Sce\PlayStation\Core\Error.cpp">
      <Filter>Source Files</Filter>
    </ClCompile>
    <ClCompile Include="Sce\Pss\Core\Graphics\ShaderProgram.cpp">
      <Filter>Source Files</Filter>
    </ClCompile>
    <ClCompile Include="Sce\Pss\Core\ExceptionInfo.cpp">
      <Filter>Source Files</Filter>
    </ClCompile>
    <ClCompile Include="Sce\Pss\Core\Errorable.cpp">
      <Filter>Source Files</Filter>
    </ClCompile>
    <ClCompile Include="Sce\Pss\Core\Graphics\CGX.cpp">
      <Filter>Source Files</Filter>
    </ClCompile>
    <ClCompile Include="Sce\Pss\Core\Handles.cpp">
      <Filter>Source Files</Filter>
    </ClCompile>
    <ClCompile Include="Sce\Pss\Core\Graphics\VertexBuffer.cpp">
      <Filter>Source Files</Filter>
    </ClCompile>
    <ClCompile Include="Sce\Pss\Core\Threading\Thread.cpp">
      <Filter>Source Files</Filter>
    </ClCompile>
    <ClCompile Include="Sce\Pss\Core\Graphics\GraphicsContext.cpp">
      <Filter>Source Files</Filter>
    </ClCompile>
    <ClCompile Include="Sce\Pss\Core\Io\DirectoryIterator.cpp">
      <Filter>Source Files</Filter>
    </ClCompile>
    <ClCompile Include="Sce\Pss\Core\Io\FileSystem.cpp">
      <Filter>Source Files</Filter>
    </ClCompile>
    <ClCompile Include="Sce\Pss\Core\Io\ICall.cpp">
      <Filter>Source Files</Filter>
    </ClCompile>
    <ClCompile Include="Sce\Pss\Core\Io\Sandbox.cpp">
      <Filter>Source Files</Filter>
    </ClCompile>
    <ClCompile Include="Sce\Pss\Core\Graphics\GraphicsObject.cpp">
      <Filter>Source Files</Filter>
    </ClCompile>
    <ClCompile Include="Sce\Pss\Core\Mono\Util.cpp">
      <Filter>Source Files</Filter>
    </ClCompile>
    <ClCompile Include="Sce\Pss\Core\PlatformSpecific.cpp">
      <Filter>Source Files</Filter>
    </ClCompile>
    <ClCompile Include="Sce\Pss\Core\Metadata\AppInfo.cpp">
      <Filter>Source Files</Filter>
    </ClCompile>
    <ClCompile Include="Sce\Pss\Core\Application.cpp">
      <Filter>Source Files</Filter>
    </ClCompile>
    <ClCompile Include="Sce\Pss\Core\Mono\Resources.cpp">
      <Filter>Source Files</Filter>
    </ClCompile>
    <ClCompile Include="Sce\Pss\Core\Mono\Security.cpp">
      <Filter>Source Files</Filter>
    </ClCompile>
    <ClCompile Include="Sce\Pss\Core\Services\UniqueId.cpp">
      <Filter>Source Files</Filter>
    </ClCompile>
    <ClCompile Include="Sce\PlayStation\Core\Graphics\GraphicsUpdate.cpp">
      <Filter>Source Files</Filter>
    </ClCompile>
  </ItemGroup>
  <ItemGroup>
    <ClInclude Include="Sce\PlayStation\Core\Audio\Bgm.hpp">
      <Filter>Header Files</Filter>
    </ClInclude>
    <ClInclude Include="Sce\PlayStation\Core\Audio\BgmPlayer.hpp">
      <Filter>Header Files</Filter>
    </ClInclude>
    <ClInclude Include="Sce\PlayStation\Core\Audio\BgmStatus.hpp">
      <Filter>Header Files</Filter>
    </ClInclude>
    <ClInclude Include="Sce\PlayStation\Core\Audio\Sound.hpp">
      <Filter>Header Files</Filter>
    </ClInclude>
    <ClInclude Include="Sce\PlayStation\Core\Audio\SoundPlayer.hpp">
      <Filter>Header Files</Filter>
    </ClInclude>
    <ClInclude Include="Sce\PlayStation\Core\Audio\SoundStatus.hpp">
      <Filter>Header Files</Filter>
    </ClInclude>
    <ClInclude Include="Sce\PlayStation\Core\Device\Camera.hpp">
      <Filter>Header Files</Filter>
    </ClInclude>
    <ClInclude Include="Sce\PlayStation\Core\Device\CameraFacing.hpp">
      <Filter>Header Files</Filter>
    </ClInclude>
    <ClInclude Include="Sce\PlayStation\Core\Device\CameraImageFormat.hpp">
      <Filter>Header Files</Filter>
    </ClInclude>
    <ClInclude Include="Sce\PlayStation\Core\Device\CameraImportDialog.hpp">
      <Filter>Header Files</Filter>
    </ClInclude>
    <ClInclude Include="Sce\PlayStation\Core\Device\CameraInfo.hpp">
      <Filter>Header Files</Filter>
    </ClInclude>
    <ClInclude Include="Sce\PlayStation\Core\Device\CameraSize.hpp">
      <Filter>Header Files</Filter>
    </ClInclude>
    <ClInclude Include="Sce\PlayStation\Core\Device\CameraState.hpp">
      <Filter>Header Files</Filter>
    </ClInclude>
    <ClInclude Include="Sce\PlayStation\Core\Device\Location.hpp">
      <Filter>Header Files</Filter>
    </ClInclude>
    <ClInclude Include="Sce\PlayStation\Core\Device\LocationData.hpp">
      <Filter>Header Files</Filter>
    </ClInclude>
    <ClInclude Include="Sce\PlayStation\Core\Device\LocationDeviceType.hpp">
      <Filter>Header Files</Filter>
    </ClInclude>
    <ClInclude Include="Sce\PlayStation\Core\Device\PhotoImportDialog.hpp">
      <Filter>Header Files</Filter>
    </ClInclude>
    <ClInclude Include="Sce\PlayStation\Core\Device\PictureState.hpp">
      <Filter>Header Files</Filter>
    </ClInclude>
    <ClInclude Include="Sce\PlayStation\Core\Environment\Clipboard.hpp">
      <Filter>Header Files</Filter>
    </ClInclude>
    <ClInclude Include="Sce\PlayStation\Core\Environment\CommonDialogResult.hpp">
      <Filter>Header Files</Filter>
    </ClInclude>
    <ClInclude Include="Sce\PlayStation\Core\Environment\CommonDialogState.hpp">
      <Filter>Header Files</Filter>
    </ClInclude>
    <ClInclude Include="Sce\PlayStation\Core\Environment\CommonDialogType.hpp">
      <Filter>Header Files</Filter>
    </ClInclude>
    <ClInclude Include="Sce\PlayStation\Core\Environment\Log.hpp">
      <Filter>Header Files</Filter>
    </ClInclude>
    <ClInclude Include="Sce\PlayStation\Core\Environment\NetworkInformation.hpp">
      <Filter>Header Files</Filter>
    </ClInclude>
    <ClInclude Include="Sce\PlayStation\Core\Environment\PersistentMemory.hpp">
      <Filter>Header Files</Filter>
    </ClInclude>
    <ClInclude Include="Sce\PlayStation\Core\Environment\Shell.hpp">
      <Filter>Header Files</Filter>
    </ClInclude>
    <ClInclude Include="Sce\PlayStation\Core\Environment\SystemEvents.hpp">
      <Filter>Header Files</Filter>
    </ClInclude>
    <ClInclude Include="Sce\PlayStation\Core\Environment\SystemMemory.hpp">
      <Filter>Header Files</Filter>
    </ClInclude>
    <ClInclude Include="Sce\PlayStation\Core\Environment\SystemParameters.hpp">
      <Filter>Header Files</Filter>
    </ClInclude>
    <ClInclude Include="Sce\PlayStation\Core\Environment\TextInputDialog.hpp">
      <Filter>Header Files</Filter>
    </ClInclude>
    <ClInclude Include="Sce\PlayStation\Core\Environment\TextInputMode.hpp">
      <Filter>Header Files</Filter>
    </ClInclude>
    <ClInclude Include="Sce\PlayStation\Core\Graphics\BlendFunc.hpp">
      <Filter>Header Files</Filter>
    </ClInclude>
    <ClInclude Include="Sce\PlayStation\Core\Graphics\BlendFuncFactor.hpp">
      <Filter>Header Files</Filter>
    </ClInclude>
    <ClInclude Include="Sce\PlayStation\Core\Graphics\BlendFuncMode.hpp">
      <Filter>Header Files</Filter>
    </ClInclude>
    <ClInclude Include="Sce\PlayStation\Core\Graphics\ClearMask.hpp">
      <Filter>Header Files</Filter>
    </ClInclude>
    <ClInclude Include="Sce\PlayStation\Core\Graphics\ColorMask.hpp">
      <Filter>Header Files</Filter>
    </ClInclude>
    <ClInclude Include="Sce\PlayStation\Core\Graphics\CullFace.hpp">
      <Filter>Header Files</Filter>
    </ClInclude>
    <ClInclude Include="Sce\PlayStation\Core\Graphics\CullFaceDirection.hpp">
      <Filter>Header Files</Filter>
    </ClInclude>
    <ClInclude Include="Sce\PlayStation\Core\Graphics\DepthFunc.hpp">
      <Filter>Header Files</Filter>
    </ClInclude>
    <ClInclude Include="Sce\PlayStation\Core\Graphics\DepthFuncMode.hpp">
      <Filter>Header Files</Filter>
    </ClInclude>
    <ClInclude Include="Sce\PlayStation\Core\Graphics\DrawMode.hpp">
      <Filter>Header Files</Filter>
    </ClInclude>
    <ClInclude Include="Sce\PlayStation\Core\Graphics\EnableMode.hpp">
      <Filter>Header Files</Filter>
    </ClInclude>
    <ClInclude Include="Sce\PlayStation\Core\Graphics\GraphicsCapsState.hpp">
      <Filter>Header Files</Filter>
    </ClInclude>
    <ClInclude Include="Sce\PlayStation\Core\Graphics\GraphicsExtension.hpp">
      <Filter>Header Files</Filter>
    </ClInclude>
    <ClInclude Include="Sce\PlayStation\Core\Graphics\GraphicsState.hpp">
      <Filter>Header Files</Filter>
    </ClInclude>
    <ClInclude Include="Sce\PlayStation\Core\Graphics\GraphicsUpdate.hpp">
      <Filter>Header Files</Filter>
    </ClInclude>
    <ClInclude Include="Sce\PlayStation\Core\Graphics\InternalOption.hpp">
      <Filter>Header Files</Filter>
    </ClInclude>
    <ClInclude Include="Sce\PlayStation\Core\Graphics\MultiSampleMode.hpp">
      <Filter>Header Files</Filter>
    </ClInclude>
    <ClInclude Include="Sce\PlayStation\Core\Graphics\PixelBufferOption.hpp">
      <Filter>Header Files</Filter>
    </ClInclude>
    <ClInclude Include="Sce\PlayStation\Core\Graphics\PixelBufferType.hpp">
      <Filter>Header Files</Filter>
    </ClInclude>
    <ClInclude Include="Sce\PlayStation\Core\Graphics\PixelFormat.hpp">
      <Filter>Header Files</Filter>
    </ClInclude>
    <ClInclude Include="Sce\PlayStation\Core\Graphics\PolygonOffset.hpp">
      <Filter>Header Files</Filter>
    </ClInclude>
    <ClInclude Include="Sce\PlayStation\Core\Graphics\Primitive.hpp">
      <Filter>Header Files</Filter>
    </ClInclude>
    <ClInclude Include="Sce\PlayStation\Core\Graphics\PsmFrameBuffer.hpp">
      <Filter>Header Files</Filter>
    </ClInclude>
    <ClInclude Include="Sce\PlayStation\Core\Graphics\PsmGraphicsContext.hpp">
      <Filter>Header Files</Filter>
    </ClInclude>
    <ClInclude Include="Sce\PlayStation\Core\Graphics\PsmPixelBuffer.hpp">
      <Filter>Header Files</Filter>
    </ClInclude>
    <ClInclude Include="Sce\PlayStation\Core\Graphics\PsmShaderProgram.hpp">
      <Filter>Header Files</Filter>
    </ClInclude>
    <ClInclude Include="Sce\PlayStation\Core\Graphics\PsmTexture.hpp">
      <Filter>Header Files</Filter>
    </ClInclude>
    <ClInclude Include="Sce\PlayStation\Core\Graphics\PsmVertexBuffer.hpp">
      <Filter>Header Files</Filter>
    </ClInclude>
    <ClInclude Include="Sce\PlayStation\Core\Graphics\ShaderAttributeType.hpp">
      <Filter>Header Files</Filter>
    </ClInclude>
    <ClInclude Include="Sce\PlayStation\Core\Graphics\ShaderUniformType.hpp">
      <Filter>Header Files</Filter>
    </ClInclude>
    <ClInclude Include="Sce\PlayStation\Core\Graphics\StencilFunc.hpp">
      <Filter>Header Files</Filter>
    </ClInclude>
    <ClInclude Include="Sce\PlayStation\Core\Graphics\StencilFuncMode.hpp">
      <Filter>Header Files</Filter>
    </ClInclude>
    <ClInclude Include="Sce\PlayStation\Core\Graphics\StencilOp.hpp">
      <Filter>Header Files</Filter>
    </ClInclude>
    <ClInclude Include="Sce\PlayStation\Core\Graphics\StencilOpMode.hpp">
      <Filter>Header Files</Filter>
    </ClInclude>
    <ClInclude Include="Sce\PlayStation\Core\Graphics\TextureCubeFace.hpp">
      <Filter>Header Files</Filter>
    </ClInclude>
    <ClInclude Include="Sce\PlayStation\Core\Graphics\TextureFilter.hpp">
      <Filter>Header Files</Filter>
    </ClInclude>
    <ClInclude Include="Sce\PlayStation\Core\Graphics\TextureFilterMode.hpp">
      <Filter>Header Files</Filter>
    </ClInclude>
    <ClInclude Include="Sce\PlayStation\Core\Graphics\TextureWrap.hpp">
      <Filter>Header Files</Filter>
    </ClInclude>
    <ClInclude Include="Sce\PlayStation\Core\Graphics\TextureWrapMode.hpp">
      <Filter>Header Files</Filter>
    </ClInclude>
    <ClInclude Include="Sce\PlayStation\Core\Graphics\VertexFormat.hpp">
      <Filter>Header Files</Filter>
    </ClInclude>
    <ClInclude Include="Sce\PlayStation\Core\Imaging\CharMetrics.hpp">
      <Filter>Header Files</Filter>
    </ClInclude>
    <ClInclude Include="Sce\PlayStation\Core\Imaging\Font.hpp">
      <Filter>Header Files</Filter>
    </ClInclude>
    <ClInclude Include="Sce\PlayStation\Core\Imaging\FontAlias.hpp">
      <Filter>Header Files</Filter>
    </ClInclude>
    <ClInclude Include="Sce\PlayStation\Core\Imaging\FontMetrics.hpp">
      <Filter>Header Files</Filter>
    </ClInclude>
    <ClInclude Include="Sce\PlayStation\Core\Imaging\FontStyle.hpp">
      <Filter>Header Files</Filter>
    </ClInclude>
    <ClInclude Include="Sce\PlayStation\Core\Imaging\Image.hpp">
      <Filter>Header Files</Filter>
    </ClInclude>
    <ClInclude Include="Sce\PlayStation\Core\Imaging\ImageColor.hpp">
      <Filter>Header Files</Filter>
    </ClInclude>
    <ClInclude Include="Sce\PlayStation\Core\Imaging\ImageMode.hpp">
      <Filter>Header Files</Filter>
    </ClInclude>
    <ClInclude Include="Sce\PlayStation\Core\Imaging\ImagePosition.hpp">
      <Filter>Header Files</Filter>
    </ClInclude>
    <ClInclude Include="Sce\PlayStation\Core\Imaging\ImageRect.hpp">
      <Filter>Header Files</Filter>
    </ClInclude>
    <ClInclude Include="Sce\PlayStation\Core\Imaging\ImageSize.hpp">
      <Filter>Header Files</Filter>
    </ClInclude>
    <ClInclude Include="Sce\PlayStation\Core\Input\GamePad.hpp">
      <Filter>Header Files</Filter>
    </ClInclude>
    <ClInclude Include="Sce\PlayStation\Core\Input\GamePadButtons.hpp">
      <Filter>Header Files</Filter>
    </ClInclude>
    <ClInclude Include="Sce\PlayStation\Core\Input\GamePadData.hpp">
      <Filter>Header Files</Filter>
    </ClInclude>
    <ClInclude Include="Sce\PlayStation\Core\Input\Motion.hpp">
      <Filter>Header Files</Filter>
    </ClInclude>
    <ClInclude Include="Sce\PlayStation\Core\Input\MotionData.hpp">
      <Filter>Header Files</Filter>
    </ClInclude>
    <ClInclude Include="Sce\PlayStation\Core\Input\Touch.hpp">
      <Filter>Header Files</Filter>
    </ClInclude>
    <ClInclude Include="Sce\PlayStation\Core\Input\TouchData.hpp">
      <Filter>Header Files</Filter>
    </ClInclude>
    <ClInclude Include="Sce\PlayStation\Core\Input\TouchStatus.hpp">
      <Filter>Header Files</Filter>
    </ClInclude>
    <ClInclude Include="Sce\PlayStation\Core\Services\AccountInformation.hpp">
      <Filter>Header Files</Filter>
    </ClInclude>
    <ClInclude Include="Sce\PlayStation\Core\Services\InAppPurchaseCommand.hpp">
      <Filter>Header Files</Filter>
    </ClInclude>
    <ClInclude Include="Sce\PlayStation\Core\Services\InAppPurchaseDialog.hpp">
      <Filter>Header Files</Filter>
    </ClInclude>
    <ClInclude Include="Sce\PlayStation\Core\Services\InAppPurchaseProductData.hpp">
      <Filter>Header Files</Filter>
    </ClInclude>
    <ClInclude Include="Sce\PlayStation\Core\Services\Network.hpp">
      <Filter>Header Files</Filter>
    </ClInclude>
    <ClInclude Include="Sce\PlayStation\Core\Services\NetworkRequest.hpp">
      <Filter>Header Files</Filter>
    </ClInclude>
    <ClInclude Include="Sce\PlayStation\Core\Error.hpp">
      <Filter>Header Files</Filter>
    </ClInclude>
    <ClInclude Include="Sce\PlayStation\Core\Matrix4.hpp">
      <Filter>Header Files</Filter>
    </ClInclude>
    <ClInclude Include="Sce\PlayStation\Core\Vector2.hpp">
      <Filter>Header Files</Filter>
    </ClInclude>
    <ClInclude Include="Sce\PlayStation\Core\Vector3.hpp">
      <Filter>Header Files</Filter>
    </ClInclude>
    <ClInclude Include="Sce\PlayStation\Core\Vector4.hpp">
      <Filter>Header Files</Filter>
    </ClInclude>
    <ClInclude Include="LibPSM.hpp">
      <Filter>Header Files</Filter>
    </ClInclude>
    <ClInclude Include="Sce\PlayStation\Core\Graphics\ImportDialogEnum.hpp">
      <Filter>Header Files</Filter>
    </ClInclude>
    <ClInclude Include="Sce\Pss\Core\Graphics\ShaderProgram.hpp">
      <Filter>Header Files</Filter>
    </ClInclude>
    <ClInclude Include="Sce\Pss\Core\ExceptionInfo.hpp">
      <Filter>Header Files</Filter>
    </ClInclude>
    <ClInclude Include="Sce\Pss\Core\Errorable.hpp">
      <Filter>Header Files</Filter>
    </ClInclude>
    <ClInclude Include="Sce\Pss\Core\Graphics\CGX.hpp">
      <Filter>Header Files</Filter>
    </ClInclude>
    <ClInclude Include="Sce\Pss\Core\Handles.hpp">
      <Filter>Header Files</Filter>
    </ClInclude>
    <ClInclude Include="Sce\Pss\Core\Graphics\VertexBuffer.hpp">
      <Filter>Header Files</Filter>
    </ClInclude>
    <ClInclude Include="Sce\Pss\Core\Threading\Thread.hpp">
      <Filter>Header Files</Filter>
    </ClInclude>
    <ClInclude Include="Sce\Pss\Core\Graphics\GraphicsContext.hpp">
      <Filter>Header Files</Filter>
    </ClInclude>
    <ClInclude Include="Sce\Pss\Core\Io\DirectoryIterator.hpp">
      <Filter>Header Files</Filter>
    </ClInclude>
    <ClInclude Include="Sce\Pss\Core\Io\FileSystem.hpp">
      <Filter>Header Files</Filter>
    </ClInclude>
    <ClInclude Include="Sce\Pss\Core\Io\ICall.hpp">
      <Filter>Header Files</Filter>
    </ClInclude>
    <ClInclude Include="Sce\Pss\Core\Io\Sandbox.hpp">
      <Filter>Header Files</Filter>
    </ClInclude>
    <ClInclude Include="Sce\PlayStation\Core\Graphics\ElementType.hpp">
      <Filter>Header Files</Filter>
    </ClInclude>
    <ClInclude Include="Sce\Pss\Core\Graphics\GraphicsObject.hpp">
      <Filter>Header Files</Filter>
    </ClInclude>
    <ClInclude Include="Sce\Pss\Core\Mono\Util.hpp">
      <Filter>Header Files</Filter>
    </ClInclude>
    <ClInclude Include="Sce\Pss\Core\PlatformSpecific.hpp">
      <Filter>Header Files</Filter>
    </ClInclude>
    <ClInclude Include="Sce\Pss\Core\Metadata\AppInfo.hpp">
      <Filter>Header Files</Filter>
    </ClInclude>
    <ClInclude Include="Sce\Pss\Core\Application.hpp">
      <Filter>Header Files</Filter>
    </ClInclude>
    <ClInclude Include="Sce\Pss\Core\Mono\Resources.hpp">
      <Filter>Header Files</Filter>
    </ClInclude>
    <ClInclude Include="Sce\Pss\Core\Mono\Security.hpp">
      <Filter>Header Files</Filter>
    </ClInclude>
    <ClInclude Include="Sce\Pss\Core\Services\UniqueId.hpp">
      <Filter>Header Files</Filter>
    </ClInclude>
  </ItemGroup>
</Project>